
Microsoft Visual Studio Solution File, Format Version 12.00
# Visual Studio 15
VisualStudioVersion = 15.0.27428.2002
MinimumVisualStudioVersion = 10.0.40219.1
Project("{2150E333-8FDC-42A3-9474-1A3956D46DE8}") = ".OpenMVVM", ".OpenMVVM", "{D78885B6-2D2F-4613-A402-561FE255B322}"
EndProject
Project("{2150E333-8FDC-42A3-9474-1A3956D46DE8}") = "Core", "Core", "{594B896D-767E-4DC4-9385-8E3E9050A3FC}"
EndProject
Project("{2150E333-8FDC-42A3-9474-1A3956D46DE8}") = "Platforms", "Platforms", "{3934305B-7D96-4766-B94C-3BD7E56CCDB4}"
EndProject
Project("{9A19103F-16F7-4668-BE54-9A1E7A4F7556}") = "OpenMVVM.Core", "..\openmvvm\src\Core\OpenMVVM.Core\OpenMVVM.Core.csproj", "{0A385998-14F0-4489-8E00-E356036199E4}"
EndProject
Project("{2150E333-8FDC-42A3-9474-1A3956D46DE8}") = "Utils", "Utils", "{94895D24-BE5C-480C-B38F-1EAB09943C54}"
EndProject
Project("{9A19103F-16F7-4668-BE54-9A1E7A4F7556}") = "OpenMVVM.Utils.HttpClient", "..\openmvvm\src\Utils\OpenMVVM.Utils.HttpClient\OpenMVVM.Utils.HttpClient.csproj", "{890694F6-CD94-4911-BF5E-6F34A62F1941}"
EndProject
Project("{2150E333-8FDC-42A3-9474-1A3956D46DE8}") = "Android", "Android", "{55562F70-2675-4F9B-BE02-787536B9154F}"
EndProject
Project("{2150E333-8FDC-42A3-9474-1A3956D46DE8}") = "DotNetCore", "DotNetCore", "{134B687E-290B-401A-BB2B-673524FF74E6}"
EndProject
Project("{2150E333-8FDC-42A3-9474-1A3956D46DE8}") = "Ios", "Ios", "{3D6AF9C1-51B6-4062-A0E0-507E53F42317}"
EndProject
Project("{2150E333-8FDC-42A3-9474-1A3956D46DE8}") = "Web", "Web", "{EFCCBD8A-CFDB-4A8C-AEC1-70F5747459B6}"
EndProject
Project("{2150E333-8FDC-42A3-9474-1A3956D46DE8}") = "WebView", "WebView", "{FB9DDC21-9385-4B68-B961-7A7645C1AF41}"
EndProject
Project("{2150E333-8FDC-42A3-9474-1A3956D46DE8}") = "Windows", "Windows", "{24F7B07C-74A3-4F6D-B34A-F154693210D5}"
EndProject
Project("{2150E333-8FDC-42A3-9474-1A3956D46DE8}") = "XamarinForms", "XamarinForms", "{C913CE06-1A3D-4118-BA8D-2535E4F3A1C4}"
EndProject
Project("{FAE04EC0-301F-11D3-BF4B-00C04F79EFBC}") = "OpenMVVM.Android", "..\openmvvm\src\Core\OpenMVVM.Android\OpenMVVM.Android.csproj", "{1C6F1BBD-5B9B-48FC-ACB5-9859A6734C6F}"
EndProject
Project("{FAE04EC0-301F-11D3-BF4B-00C04F79EFBC}") = "OpenMVVM.Ios", "..\openmvvm\src\Core\OpenMVVM.Ios\OpenMVVM.Ios.csproj", "{74D004C4-775F-402C-BFE8-B5BDEDC6077F}"
EndProject
Project("{9A19103F-16F7-4668-BE54-9A1E7A4F7556}") = "OpenMVVM.WebView", "..\openmvvm\src\Core\OpenMVVM.WebView\OpenMVVM.WebView.csproj", "{175629A4-F877-4E3D-AD35-C952D540ECE2}"
EndProject
Project("{FAE04EC0-301F-11D3-BF4B-00C04F79EFBC}") = "OpenMVVM.WebView.Android", "..\openmvvm\src\Core\OpenMVVM.WebView.Android\OpenMVVM.WebView.Android.csproj", "{350442F1-4D1E-4DEC-BE80-5B195E649E09}"
EndProject
Project("{9A19103F-16F7-4668-BE54-9A1E7A4F7556}") = "OpenMVVM.WebView.DotNetCore", "..\openmvvm\src\Core\OpenMVVM.WebView.DotNetCore\OpenMVVM.WebView.DotNetCore.csproj", "{DB0FFDD6-2885-4F90-8AAF-BFACA438D848}"
EndProject
Project("{FAE04EC0-301F-11D3-BF4B-00C04F79EFBC}") = "OpenMVVM.WebView.Ios", "..\openmvvm\src\Core\OpenMVVM.WebView.Ios\OpenMVVM.WebView.Ios.csproj", "{3486BBC3-05D0-47AC-AD96-CD313B3D3F7E}"
EndProject
Project("{FAE04EC0-301F-11D3-BF4B-00C04F79EFBC}") = "OpenMVVM.WebView.WPF", "..\openmvvm\src\Core\OpenMVVM.WebView.WPF\OpenMVVM.WebView.WPF.csproj", "{0A7211C4-5F6C-4598-8485-88BE87DCCA3C}"
EndProject
Project("{FAE04EC0-301F-11D3-BF4B-00C04F79EFBC}") = "OpenMVVM.WPF", "..\openmvvm\src\Core\OpenMVVM.WPF\OpenMVVM.WPF.csproj", "{AD0ED9A0-AF1B-4E94-BC66-12D4F8660C42}"
EndProject
Project("{9A19103F-16F7-4668-BE54-9A1E7A4F7556}") = "OpenMVVM.XamarinForms", "..\openmvvm\src\Core\OpenMVVM.XamarinForms\OpenMVVM.XamarinForms.csproj", "{3EB4472F-49B1-47A3-9821-081B9AAFDA58}"
EndProject
Project("{FAE04EC0-301F-11D3-BF4B-00C04F79EFBC}") = "OpenMVVM.XamarinForms.Ios", "..\openmvvm\src\Core\OpenMVVM.XamarinForms.Ios\OpenMVVM.XamarinForms.Ios.csproj", "{AD8C12C9-DEE4-4382-9076-CF59F313177C}"
EndProject
Project("{FAE04EC0-301F-11D3-BF4B-00C04F79EFBC}") = "Conference.App.Android", "Conference.App.Android\Conference.App.Android.csproj", "{B4A73AB3-62C8-4ADD-9F1D-8CC3A38BC8E8}"
EndProject
Project("{FAE04EC0-301F-11D3-BF4B-00C04F79EFBC}") = "Conference.App.Ios", "Conference.App.Ios\Conference.App.Ios.csproj", "{06F67291-57C6-44B2-9985-B5D36E462D23}"
EndProject
Project("{FAE04EC0-301F-11D3-BF4B-00C04F79EFBC}") = "Conference.App.Windows", "Conference.App.Windows\Conference.App.Windows.csproj", "{F4251021-533B-416F-94F0-6EE4CD2E7C17}"
EndProject
Project("{FAE04EC0-301F-11D3-BF4B-00C04F79EFBC}") = "OpenMVVM.WebView.Windows", "..\openmvvm\src\Core\OpenMVVM.WebView.Windows\OpenMVVM.WebView.Windows.csproj", "{2888C7FB-F66B-4349-85F3-C5DC037E29AE}"
EndProject
Project("{FAE04EC0-301F-11D3-BF4B-00C04F79EFBC}") = "OpenMVVM.Windows", "..\openmvvm\src\Core\OpenMVVM.Windows\OpenMVVM.Windows.csproj", "{DD056638-BD52-4EAE-8B77-CF1A1337A708}"
EndProject
Project("{2150E333-8FDC-42A3-9474-1A3956D46DE8}") = "Client", "Client", "{CB99D577-B55C-47FD-BC06-82CC94FAC919}"
EndProject
Project("{2150E333-8FDC-42A3-9474-1A3956D46DE8}") = "Common", "Common", "{7581AD28-B425-4EC9-8239-5848DE7DBEB9}"
EndProject
Project("{FAE04EC0-301F-11D3-BF4B-00C04F79EFBC}") = "Conference.Common.Data", "Conference.Common.Data\Conference.Common.Data.csproj", "{FF83015F-9B34-40D5-B3AB-C9BB92C3DE82}"
EndProject
Project("{FAE04EC0-301F-11D3-BF4B-00C04F79EFBC}") = "Conference.Common.ViewModel", "Conference.Common.ViewModel\Conference.Common.ViewModel.csproj", "{567ACEAD-CE93-42F5-9D8C-B06C65E56D7A}"
EndProject
Project("{FAE04EC0-301F-11D3-BF4B-00C04F79EFBC}") = "Conference.Common.Contracts", "Conference.Common.Contracts\Conference.Common.Contracts.csproj", "{3FE06884-C7F5-4D2A-BAA6-EE6DDB89BAE8}"
EndProject
Global
	GlobalSection(SolutionConfigurationPlatforms) = preSolution
		Ad-Hoc|Any CPU = Ad-Hoc|Any CPU
		Ad-Hoc|ARM = Ad-Hoc|ARM
		Ad-Hoc|iPhone = Ad-Hoc|iPhone
		Ad-Hoc|iPhoneSimulator = Ad-Hoc|iPhoneSimulator
		Ad-Hoc|x64 = Ad-Hoc|x64
		Ad-Hoc|x86 = Ad-Hoc|x86
		AppStore|Any CPU = AppStore|Any CPU
		AppStore|ARM = AppStore|ARM
		AppStore|iPhone = AppStore|iPhone
		AppStore|iPhoneSimulator = AppStore|iPhoneSimulator
		AppStore|x64 = AppStore|x64
		AppStore|x86 = AppStore|x86
		Debug|Any CPU = Debug|Any CPU
		Debug|ARM = Debug|ARM
		Debug|iPhone = Debug|iPhone
		Debug|iPhoneSimulator = Debug|iPhoneSimulator
		Debug|x64 = Debug|x64
		Debug|x86 = Debug|x86
		Release|Any CPU = Release|Any CPU
		Release|ARM = Release|ARM
		Release|iPhone = Release|iPhone
		Release|iPhoneSimulator = Release|iPhoneSimulator
		Release|x64 = Release|x64
		Release|x86 = Release|x86
	EndGlobalSection
	GlobalSection(ProjectConfigurationPlatforms) = postSolution
		{0A385998-14F0-4489-8E00-E356036199E4}.Ad-Hoc|Any CPU.ActiveCfg = Release|Any CPU
		{0A385998-14F0-4489-8E00-E356036199E4}.Ad-Hoc|Any CPU.Build.0 = Release|Any CPU
		{0A385998-14F0-4489-8E00-E356036199E4}.Ad-Hoc|ARM.ActiveCfg = Release|Any CPU
		{0A385998-14F0-4489-8E00-E356036199E4}.Ad-Hoc|ARM.Build.0 = Release|Any CPU
		{0A385998-14F0-4489-8E00-E356036199E4}.Ad-Hoc|iPhone.ActiveCfg = Release|Any CPU
		{0A385998-14F0-4489-8E00-E356036199E4}.Ad-Hoc|iPhone.Build.0 = Release|Any CPU
		{0A385998-14F0-4489-8E00-E356036199E4}.Ad-Hoc|iPhoneSimulator.ActiveCfg = Release|Any CPU
		{0A385998-14F0-4489-8E00-E356036199E4}.Ad-Hoc|iPhoneSimulator.Build.0 = Release|Any CPU
		{0A385998-14F0-4489-8E00-E356036199E4}.Ad-Hoc|x64.ActiveCfg = Release|Any CPU
		{0A385998-14F0-4489-8E00-E356036199E4}.Ad-Hoc|x64.Build.0 = Release|Any CPU
		{0A385998-14F0-4489-8E00-E356036199E4}.Ad-Hoc|x86.ActiveCfg = Release|Any CPU
		{0A385998-14F0-4489-8E00-E356036199E4}.Ad-Hoc|x86.Build.0 = Release|Any CPU
		{0A385998-14F0-4489-8E00-E356036199E4}.AppStore|Any CPU.ActiveCfg = Release|Any CPU
		{0A385998-14F0-4489-8E00-E356036199E4}.AppStore|Any CPU.Build.0 = Release|Any CPU
		{0A385998-14F0-4489-8E00-E356036199E4}.AppStore|ARM.ActiveCfg = Release|Any CPU
		{0A385998-14F0-4489-8E00-E356036199E4}.AppStore|ARM.Build.0 = Release|Any CPU
		{0A385998-14F0-4489-8E00-E356036199E4}.AppStore|iPhone.ActiveCfg = Release|Any CPU
		{0A385998-14F0-4489-8E00-E356036199E4}.AppStore|iPhone.Build.0 = Release|Any CPU
		{0A385998-14F0-4489-8E00-E356036199E4}.AppStore|iPhoneSimulator.ActiveCfg = Release|Any CPU
		{0A385998-14F0-4489-8E00-E356036199E4}.AppStore|iPhoneSimulator.Build.0 = Release|Any CPU
		{0A385998-14F0-4489-8E00-E356036199E4}.AppStore|x64.ActiveCfg = Release|Any CPU
		{0A385998-14F0-4489-8E00-E356036199E4}.AppStore|x64.Build.0 = Release|Any CPU
		{0A385998-14F0-4489-8E00-E356036199E4}.AppStore|x86.ActiveCfg = Release|Any CPU
		{0A385998-14F0-4489-8E00-E356036199E4}.AppStore|x86.Build.0 = Release|Any CPU
		{0A385998-14F0-4489-8E00-E356036199E4}.Debug|Any CPU.ActiveCfg = Debug|Any CPU
		{0A385998-14F0-4489-8E00-E356036199E4}.Debug|Any CPU.Build.0 = Debug|Any CPU
		{0A385998-14F0-4489-8E00-E356036199E4}.Debug|ARM.ActiveCfg = Debug|Any CPU
		{0A385998-14F0-4489-8E00-E356036199E4}.Debug|ARM.Build.0 = Debug|Any CPU
		{0A385998-14F0-4489-8E00-E356036199E4}.Debug|iPhone.ActiveCfg = Debug|Any CPU
		{0A385998-14F0-4489-8E00-E356036199E4}.Debug|iPhone.Build.0 = Debug|Any CPU
		{0A385998-14F0-4489-8E00-E356036199E4}.Debug|iPhoneSimulator.ActiveCfg = Debug|Any CPU
		{0A385998-14F0-4489-8E00-E356036199E4}.Debug|iPhoneSimulator.Build.0 = Debug|Any CPU
		{0A385998-14F0-4489-8E00-E356036199E4}.Debug|x64.ActiveCfg = Debug|Any CPU
		{0A385998-14F0-4489-8E00-E356036199E4}.Debug|x64.Build.0 = Debug|Any CPU
		{0A385998-14F0-4489-8E00-E356036199E4}.Debug|x86.ActiveCfg = Debug|Any CPU
		{0A385998-14F0-4489-8E00-E356036199E4}.Debug|x86.Build.0 = Debug|Any CPU
		{0A385998-14F0-4489-8E00-E356036199E4}.Release|Any CPU.ActiveCfg = Release|Any CPU
		{0A385998-14F0-4489-8E00-E356036199E4}.Release|Any CPU.Build.0 = Release|Any CPU
		{0A385998-14F0-4489-8E00-E356036199E4}.Release|ARM.ActiveCfg = Release|Any CPU
		{0A385998-14F0-4489-8E00-E356036199E4}.Release|ARM.Build.0 = Release|Any CPU
		{0A385998-14F0-4489-8E00-E356036199E4}.Release|iPhone.ActiveCfg = Release|Any CPU
		{0A385998-14F0-4489-8E00-E356036199E4}.Release|iPhone.Build.0 = Release|Any CPU
		{0A385998-14F0-4489-8E00-E356036199E4}.Release|iPhoneSimulator.ActiveCfg = Release|Any CPU
		{0A385998-14F0-4489-8E00-E356036199E4}.Release|iPhoneSimulator.Build.0 = Release|Any CPU
		{0A385998-14F0-4489-8E00-E356036199E4}.Release|x64.ActiveCfg = Release|Any CPU
		{0A385998-14F0-4489-8E00-E356036199E4}.Release|x64.Build.0 = Release|Any CPU
		{0A385998-14F0-4489-8E00-E356036199E4}.Release|x86.ActiveCfg = Release|Any CPU
		{0A385998-14F0-4489-8E00-E356036199E4}.Release|x86.Build.0 = Release|Any CPU
		{890694F6-CD94-4911-BF5E-6F34A62F1941}.Ad-Hoc|Any CPU.ActiveCfg = Release|Any CPU
		{890694F6-CD94-4911-BF5E-6F34A62F1941}.Ad-Hoc|Any CPU.Build.0 = Release|Any CPU
		{890694F6-CD94-4911-BF5E-6F34A62F1941}.Ad-Hoc|ARM.ActiveCfg = Release|Any CPU
		{890694F6-CD94-4911-BF5E-6F34A62F1941}.Ad-Hoc|ARM.Build.0 = Release|Any CPU
		{890694F6-CD94-4911-BF5E-6F34A62F1941}.Ad-Hoc|iPhone.ActiveCfg = Release|Any CPU
		{890694F6-CD94-4911-BF5E-6F34A62F1941}.Ad-Hoc|iPhone.Build.0 = Release|Any CPU
		{890694F6-CD94-4911-BF5E-6F34A62F1941}.Ad-Hoc|iPhoneSimulator.ActiveCfg = Release|Any CPU
		{890694F6-CD94-4911-BF5E-6F34A62F1941}.Ad-Hoc|iPhoneSimulator.Build.0 = Release|Any CPU
		{890694F6-CD94-4911-BF5E-6F34A62F1941}.Ad-Hoc|x64.ActiveCfg = Release|Any CPU
		{890694F6-CD94-4911-BF5E-6F34A62F1941}.Ad-Hoc|x64.Build.0 = Release|Any CPU
		{890694F6-CD94-4911-BF5E-6F34A62F1941}.Ad-Hoc|x86.ActiveCfg = Release|Any CPU
		{890694F6-CD94-4911-BF5E-6F34A62F1941}.Ad-Hoc|x86.Build.0 = Release|Any CPU
		{890694F6-CD94-4911-BF5E-6F34A62F1941}.AppStore|Any CPU.ActiveCfg = Release|Any CPU
		{890694F6-CD94-4911-BF5E-6F34A62F1941}.AppStore|Any CPU.Build.0 = Release|Any CPU
		{890694F6-CD94-4911-BF5E-6F34A62F1941}.AppStore|ARM.ActiveCfg = Release|Any CPU
		{890694F6-CD94-4911-BF5E-6F34A62F1941}.AppStore|ARM.Build.0 = Release|Any CPU
		{890694F6-CD94-4911-BF5E-6F34A62F1941}.AppStore|iPhone.ActiveCfg = Release|Any CPU
		{890694F6-CD94-4911-BF5E-6F34A62F1941}.AppStore|iPhone.Build.0 = Release|Any CPU
		{890694F6-CD94-4911-BF5E-6F34A62F1941}.AppStore|iPhoneSimulator.ActiveCfg = Release|Any CPU
		{890694F6-CD94-4911-BF5E-6F34A62F1941}.AppStore|iPhoneSimulator.Build.0 = Release|Any CPU
		{890694F6-CD94-4911-BF5E-6F34A62F1941}.AppStore|x64.ActiveCfg = Release|Any CPU
		{890694F6-CD94-4911-BF5E-6F34A62F1941}.AppStore|x64.Build.0 = Release|Any CPU
		{890694F6-CD94-4911-BF5E-6F34A62F1941}.AppStore|x86.ActiveCfg = Release|Any CPU
		{890694F6-CD94-4911-BF5E-6F34A62F1941}.AppStore|x86.Build.0 = Release|Any CPU
		{890694F6-CD94-4911-BF5E-6F34A62F1941}.Debug|Any CPU.ActiveCfg = Debug|Any CPU
		{890694F6-CD94-4911-BF5E-6F34A62F1941}.Debug|Any CPU.Build.0 = Debug|Any CPU
		{890694F6-CD94-4911-BF5E-6F34A62F1941}.Debug|ARM.ActiveCfg = Debug|Any CPU
		{890694F6-CD94-4911-BF5E-6F34A62F1941}.Debug|ARM.Build.0 = Debug|Any CPU
		{890694F6-CD94-4911-BF5E-6F34A62F1941}.Debug|iPhone.ActiveCfg = Debug|Any CPU
		{890694F6-CD94-4911-BF5E-6F34A62F1941}.Debug|iPhone.Build.0 = Debug|Any CPU
		{890694F6-CD94-4911-BF5E-6F34A62F1941}.Debug|iPhoneSimulator.ActiveCfg = Debug|Any CPU
		{890694F6-CD94-4911-BF5E-6F34A62F1941}.Debug|iPhoneSimulator.Build.0 = Debug|Any CPU
		{890694F6-CD94-4911-BF5E-6F34A62F1941}.Debug|x64.ActiveCfg = Debug|Any CPU
		{890694F6-CD94-4911-BF5E-6F34A62F1941}.Debug|x64.Build.0 = Debug|Any CPU
		{890694F6-CD94-4911-BF5E-6F34A62F1941}.Debug|x86.ActiveCfg = Debug|Any CPU
		{890694F6-CD94-4911-BF5E-6F34A62F1941}.Debug|x86.Build.0 = Debug|Any CPU
		{890694F6-CD94-4911-BF5E-6F34A62F1941}.Release|Any CPU.ActiveCfg = Release|Any CPU
		{890694F6-CD94-4911-BF5E-6F34A62F1941}.Release|Any CPU.Build.0 = Release|Any CPU
		{890694F6-CD94-4911-BF5E-6F34A62F1941}.Release|ARM.ActiveCfg = Release|Any CPU
		{890694F6-CD94-4911-BF5E-6F34A62F1941}.Release|ARM.Build.0 = Release|Any CPU
		{890694F6-CD94-4911-BF5E-6F34A62F1941}.Release|iPhone.ActiveCfg = Release|Any CPU
		{890694F6-CD94-4911-BF5E-6F34A62F1941}.Release|iPhone.Build.0 = Release|Any CPU
		{890694F6-CD94-4911-BF5E-6F34A62F1941}.Release|iPhoneSimulator.ActiveCfg = Release|Any CPU
		{890694F6-CD94-4911-BF5E-6F34A62F1941}.Release|iPhoneSimulator.Build.0 = Release|Any CPU
		{890694F6-CD94-4911-BF5E-6F34A62F1941}.Release|x64.ActiveCfg = Release|Any CPU
		{890694F6-CD94-4911-BF5E-6F34A62F1941}.Release|x64.Build.0 = Release|Any CPU
		{890694F6-CD94-4911-BF5E-6F34A62F1941}.Release|x86.ActiveCfg = Release|Any CPU
		{890694F6-CD94-4911-BF5E-6F34A62F1941}.Release|x86.Build.0 = Release|Any CPU
		{1C6F1BBD-5B9B-48FC-ACB5-9859A6734C6F}.Ad-Hoc|Any CPU.ActiveCfg = Release|Any CPU
		{1C6F1BBD-5B9B-48FC-ACB5-9859A6734C6F}.Ad-Hoc|Any CPU.Build.0 = Release|Any CPU
		{1C6F1BBD-5B9B-48FC-ACB5-9859A6734C6F}.Ad-Hoc|ARM.ActiveCfg = Release|Any CPU
		{1C6F1BBD-5B9B-48FC-ACB5-9859A6734C6F}.Ad-Hoc|ARM.Build.0 = Release|Any CPU
		{1C6F1BBD-5B9B-48FC-ACB5-9859A6734C6F}.Ad-Hoc|iPhone.ActiveCfg = Release|Any CPU
		{1C6F1BBD-5B9B-48FC-ACB5-9859A6734C6F}.Ad-Hoc|iPhone.Build.0 = Release|Any CPU
		{1C6F1BBD-5B9B-48FC-ACB5-9859A6734C6F}.Ad-Hoc|iPhoneSimulator.ActiveCfg = Release|Any CPU
		{1C6F1BBD-5B9B-48FC-ACB5-9859A6734C6F}.Ad-Hoc|iPhoneSimulator.Build.0 = Release|Any CPU
		{1C6F1BBD-5B9B-48FC-ACB5-9859A6734C6F}.Ad-Hoc|x64.ActiveCfg = Release|Any CPU
		{1C6F1BBD-5B9B-48FC-ACB5-9859A6734C6F}.Ad-Hoc|x64.Build.0 = Release|Any CPU
		{1C6F1BBD-5B9B-48FC-ACB5-9859A6734C6F}.Ad-Hoc|x86.ActiveCfg = Release|Any CPU
		{1C6F1BBD-5B9B-48FC-ACB5-9859A6734C6F}.Ad-Hoc|x86.Build.0 = Release|Any CPU
		{1C6F1BBD-5B9B-48FC-ACB5-9859A6734C6F}.AppStore|Any CPU.ActiveCfg = Release|Any CPU
		{1C6F1BBD-5B9B-48FC-ACB5-9859A6734C6F}.AppStore|Any CPU.Build.0 = Release|Any CPU
		{1C6F1BBD-5B9B-48FC-ACB5-9859A6734C6F}.AppStore|ARM.ActiveCfg = Release|Any CPU
		{1C6F1BBD-5B9B-48FC-ACB5-9859A6734C6F}.AppStore|ARM.Build.0 = Release|Any CPU
		{1C6F1BBD-5B9B-48FC-ACB5-9859A6734C6F}.AppStore|iPhone.ActiveCfg = Release|Any CPU
		{1C6F1BBD-5B9B-48FC-ACB5-9859A6734C6F}.AppStore|iPhone.Build.0 = Release|Any CPU
		{1C6F1BBD-5B9B-48FC-ACB5-9859A6734C6F}.AppStore|iPhoneSimulator.ActiveCfg = Release|Any CPU
		{1C6F1BBD-5B9B-48FC-ACB5-9859A6734C6F}.AppStore|iPhoneSimulator.Build.0 = Release|Any CPU
		{1C6F1BBD-5B9B-48FC-ACB5-9859A6734C6F}.AppStore|x64.ActiveCfg = Release|Any CPU
		{1C6F1BBD-5B9B-48FC-ACB5-9859A6734C6F}.AppStore|x64.Build.0 = Release|Any CPU
		{1C6F1BBD-5B9B-48FC-ACB5-9859A6734C6F}.AppStore|x86.ActiveCfg = Release|Any CPU
		{1C6F1BBD-5B9B-48FC-ACB5-9859A6734C6F}.AppStore|x86.Build.0 = Release|Any CPU
		{1C6F1BBD-5B9B-48FC-ACB5-9859A6734C6F}.Debug|Any CPU.ActiveCfg = Debug|Any CPU
		{1C6F1BBD-5B9B-48FC-ACB5-9859A6734C6F}.Debug|Any CPU.Build.0 = Debug|Any CPU
		{1C6F1BBD-5B9B-48FC-ACB5-9859A6734C6F}.Debug|ARM.ActiveCfg = Debug|Any CPU
		{1C6F1BBD-5B9B-48FC-ACB5-9859A6734C6F}.Debug|ARM.Build.0 = Debug|Any CPU
		{1C6F1BBD-5B9B-48FC-ACB5-9859A6734C6F}.Debug|iPhone.ActiveCfg = Debug|Any CPU
		{1C6F1BBD-5B9B-48FC-ACB5-9859A6734C6F}.Debug|iPhone.Build.0 = Debug|Any CPU
		{1C6F1BBD-5B9B-48FC-ACB5-9859A6734C6F}.Debug|iPhoneSimulator.ActiveCfg = Debug|Any CPU
		{1C6F1BBD-5B9B-48FC-ACB5-9859A6734C6F}.Debug|iPhoneSimulator.Build.0 = Debug|Any CPU
		{1C6F1BBD-5B9B-48FC-ACB5-9859A6734C6F}.Debug|x64.ActiveCfg = Debug|Any CPU
		{1C6F1BBD-5B9B-48FC-ACB5-9859A6734C6F}.Debug|x64.Build.0 = Debug|Any CPU
		{1C6F1BBD-5B9B-48FC-ACB5-9859A6734C6F}.Debug|x86.ActiveCfg = Debug|Any CPU
		{1C6F1BBD-5B9B-48FC-ACB5-9859A6734C6F}.Debug|x86.Build.0 = Debug|Any CPU
		{1C6F1BBD-5B9B-48FC-ACB5-9859A6734C6F}.Release|Any CPU.ActiveCfg = Release|Any CPU
		{1C6F1BBD-5B9B-48FC-ACB5-9859A6734C6F}.Release|Any CPU.Build.0 = Release|Any CPU
		{1C6F1BBD-5B9B-48FC-ACB5-9859A6734C6F}.Release|ARM.ActiveCfg = Release|Any CPU
		{1C6F1BBD-5B9B-48FC-ACB5-9859A6734C6F}.Release|ARM.Build.0 = Release|Any CPU
		{1C6F1BBD-5B9B-48FC-ACB5-9859A6734C6F}.Release|iPhone.ActiveCfg = Release|Any CPU
		{1C6F1BBD-5B9B-48FC-ACB5-9859A6734C6F}.Release|iPhone.Build.0 = Release|Any CPU
		{1C6F1BBD-5B9B-48FC-ACB5-9859A6734C6F}.Release|iPhoneSimulator.ActiveCfg = Release|Any CPU
		{1C6F1BBD-5B9B-48FC-ACB5-9859A6734C6F}.Release|iPhoneSimulator.Build.0 = Release|Any CPU
		{1C6F1BBD-5B9B-48FC-ACB5-9859A6734C6F}.Release|x64.ActiveCfg = Release|Any CPU
		{1C6F1BBD-5B9B-48FC-ACB5-9859A6734C6F}.Release|x64.Build.0 = Release|Any CPU
		{1C6F1BBD-5B9B-48FC-ACB5-9859A6734C6F}.Release|x86.ActiveCfg = Release|Any CPU
		{1C6F1BBD-5B9B-48FC-ACB5-9859A6734C6F}.Release|x86.Build.0 = Release|Any CPU
		{74D004C4-775F-402C-BFE8-B5BDEDC6077F}.Ad-Hoc|Any CPU.ActiveCfg = Release|Any CPU
		{74D004C4-775F-402C-BFE8-B5BDEDC6077F}.Ad-Hoc|Any CPU.Build.0 = Release|Any CPU
		{74D004C4-775F-402C-BFE8-B5BDEDC6077F}.Ad-Hoc|ARM.ActiveCfg = Release|Any CPU
		{74D004C4-775F-402C-BFE8-B5BDEDC6077F}.Ad-Hoc|ARM.Build.0 = Release|Any CPU
		{74D004C4-775F-402C-BFE8-B5BDEDC6077F}.Ad-Hoc|iPhone.ActiveCfg = Release|Any CPU
		{74D004C4-775F-402C-BFE8-B5BDEDC6077F}.Ad-Hoc|iPhone.Build.0 = Release|Any CPU
		{74D004C4-775F-402C-BFE8-B5BDEDC6077F}.Ad-Hoc|iPhoneSimulator.ActiveCfg = Release|Any CPU
		{74D004C4-775F-402C-BFE8-B5BDEDC6077F}.Ad-Hoc|iPhoneSimulator.Build.0 = Release|Any CPU
		{74D004C4-775F-402C-BFE8-B5BDEDC6077F}.Ad-Hoc|x64.ActiveCfg = Release|Any CPU
		{74D004C4-775F-402C-BFE8-B5BDEDC6077F}.Ad-Hoc|x64.Build.0 = Release|Any CPU
		{74D004C4-775F-402C-BFE8-B5BDEDC6077F}.Ad-Hoc|x86.ActiveCfg = Release|Any CPU
		{74D004C4-775F-402C-BFE8-B5BDEDC6077F}.Ad-Hoc|x86.Build.0 = Release|Any CPU
		{74D004C4-775F-402C-BFE8-B5BDEDC6077F}.AppStore|Any CPU.ActiveCfg = Release|Any CPU
		{74D004C4-775F-402C-BFE8-B5BDEDC6077F}.AppStore|Any CPU.Build.0 = Release|Any CPU
		{74D004C4-775F-402C-BFE8-B5BDEDC6077F}.AppStore|ARM.ActiveCfg = Release|Any CPU
		{74D004C4-775F-402C-BFE8-B5BDEDC6077F}.AppStore|ARM.Build.0 = Release|Any CPU
		{74D004C4-775F-402C-BFE8-B5BDEDC6077F}.AppStore|iPhone.ActiveCfg = Release|Any CPU
		{74D004C4-775F-402C-BFE8-B5BDEDC6077F}.AppStore|iPhone.Build.0 = Release|Any CPU
		{74D004C4-775F-402C-BFE8-B5BDEDC6077F}.AppStore|iPhoneSimulator.ActiveCfg = Release|Any CPU
		{74D004C4-775F-402C-BFE8-B5BDEDC6077F}.AppStore|iPhoneSimulator.Build.0 = Release|Any CPU
		{74D004C4-775F-402C-BFE8-B5BDEDC6077F}.AppStore|x64.ActiveCfg = Release|Any CPU
		{74D004C4-775F-402C-BFE8-B5BDEDC6077F}.AppStore|x64.Build.0 = Release|Any CPU
		{74D004C4-775F-402C-BFE8-B5BDEDC6077F}.AppStore|x86.ActiveCfg = Release|Any CPU
		{74D004C4-775F-402C-BFE8-B5BDEDC6077F}.AppStore|x86.Build.0 = Release|Any CPU
		{74D004C4-775F-402C-BFE8-B5BDEDC6077F}.Debug|Any CPU.ActiveCfg = Debug|Any CPU
		{74D004C4-775F-402C-BFE8-B5BDEDC6077F}.Debug|Any CPU.Build.0 = Debug|Any CPU
		{74D004C4-775F-402C-BFE8-B5BDEDC6077F}.Debug|ARM.ActiveCfg = Debug|Any CPU
		{74D004C4-775F-402C-BFE8-B5BDEDC6077F}.Debug|ARM.Build.0 = Debug|Any CPU
		{74D004C4-775F-402C-BFE8-B5BDEDC6077F}.Debug|iPhone.ActiveCfg = Debug|Any CPU
		{74D004C4-775F-402C-BFE8-B5BDEDC6077F}.Debug|iPhone.Build.0 = Debug|Any CPU
		{74D004C4-775F-402C-BFE8-B5BDEDC6077F}.Debug|iPhoneSimulator.ActiveCfg = Debug|Any CPU
		{74D004C4-775F-402C-BFE8-B5BDEDC6077F}.Debug|iPhoneSimulator.Build.0 = Debug|Any CPU
		{74D004C4-775F-402C-BFE8-B5BDEDC6077F}.Debug|x64.ActiveCfg = Debug|Any CPU
		{74D004C4-775F-402C-BFE8-B5BDEDC6077F}.Debug|x64.Build.0 = Debug|Any CPU
		{74D004C4-775F-402C-BFE8-B5BDEDC6077F}.Debug|x86.ActiveCfg = Debug|Any CPU
		{74D004C4-775F-402C-BFE8-B5BDEDC6077F}.Debug|x86.Build.0 = Debug|Any CPU
		{74D004C4-775F-402C-BFE8-B5BDEDC6077F}.Release|Any CPU.ActiveCfg = Release|Any CPU
		{74D004C4-775F-402C-BFE8-B5BDEDC6077F}.Release|Any CPU.Build.0 = Release|Any CPU
		{74D004C4-775F-402C-BFE8-B5BDEDC6077F}.Release|ARM.ActiveCfg = Release|Any CPU
		{74D004C4-775F-402C-BFE8-B5BDEDC6077F}.Release|ARM.Build.0 = Release|Any CPU
		{74D004C4-775F-402C-BFE8-B5BDEDC6077F}.Release|iPhone.ActiveCfg = Release|Any CPU
		{74D004C4-775F-402C-BFE8-B5BDEDC6077F}.Release|iPhone.Build.0 = Release|Any CPU
		{74D004C4-775F-402C-BFE8-B5BDEDC6077F}.Release|iPhoneSimulator.ActiveCfg = Release|Any CPU
		{74D004C4-775F-402C-BFE8-B5BDEDC6077F}.Release|iPhoneSimulator.Build.0 = Release|Any CPU
		{74D004C4-775F-402C-BFE8-B5BDEDC6077F}.Release|x64.ActiveCfg = Release|Any CPU
		{74D004C4-775F-402C-BFE8-B5BDEDC6077F}.Release|x64.Build.0 = Release|Any CPU
		{74D004C4-775F-402C-BFE8-B5BDEDC6077F}.Release|x86.ActiveCfg = Release|Any CPU
		{74D004C4-775F-402C-BFE8-B5BDEDC6077F}.Release|x86.Build.0 = Release|Any CPU
		{175629A4-F877-4E3D-AD35-C952D540ECE2}.Ad-Hoc|Any CPU.ActiveCfg = Release|Any CPU
		{175629A4-F877-4E3D-AD35-C952D540ECE2}.Ad-Hoc|Any CPU.Build.0 = Release|Any CPU
		{175629A4-F877-4E3D-AD35-C952D540ECE2}.Ad-Hoc|ARM.ActiveCfg = Release|Any CPU
		{175629A4-F877-4E3D-AD35-C952D540ECE2}.Ad-Hoc|ARM.Build.0 = Release|Any CPU
		{175629A4-F877-4E3D-AD35-C952D540ECE2}.Ad-Hoc|iPhone.ActiveCfg = Release|Any CPU
		{175629A4-F877-4E3D-AD35-C952D540ECE2}.Ad-Hoc|iPhone.Build.0 = Release|Any CPU
		{175629A4-F877-4E3D-AD35-C952D540ECE2}.Ad-Hoc|iPhoneSimulator.ActiveCfg = Release|Any CPU
		{175629A4-F877-4E3D-AD35-C952D540ECE2}.Ad-Hoc|iPhoneSimulator.Build.0 = Release|Any CPU
		{175629A4-F877-4E3D-AD35-C952D540ECE2}.Ad-Hoc|x64.ActiveCfg = Release|Any CPU
		{175629A4-F877-4E3D-AD35-C952D540ECE2}.Ad-Hoc|x64.Build.0 = Release|Any CPU
		{175629A4-F877-4E3D-AD35-C952D540ECE2}.Ad-Hoc|x86.ActiveCfg = Release|Any CPU
		{175629A4-F877-4E3D-AD35-C952D540ECE2}.Ad-Hoc|x86.Build.0 = Release|Any CPU
		{175629A4-F877-4E3D-AD35-C952D540ECE2}.AppStore|Any CPU.ActiveCfg = Release|Any CPU
		{175629A4-F877-4E3D-AD35-C952D540ECE2}.AppStore|Any CPU.Build.0 = Release|Any CPU
		{175629A4-F877-4E3D-AD35-C952D540ECE2}.AppStore|ARM.ActiveCfg = Release|Any CPU
		{175629A4-F877-4E3D-AD35-C952D540ECE2}.AppStore|ARM.Build.0 = Release|Any CPU
		{175629A4-F877-4E3D-AD35-C952D540ECE2}.AppStore|iPhone.ActiveCfg = Release|Any CPU
		{175629A4-F877-4E3D-AD35-C952D540ECE2}.AppStore|iPhone.Build.0 = Release|Any CPU
		{175629A4-F877-4E3D-AD35-C952D540ECE2}.AppStore|iPhoneSimulator.ActiveCfg = Release|Any CPU
		{175629A4-F877-4E3D-AD35-C952D540ECE2}.AppStore|iPhoneSimulator.Build.0 = Release|Any CPU
		{175629A4-F877-4E3D-AD35-C952D540ECE2}.AppStore|x64.ActiveCfg = Release|Any CPU
		{175629A4-F877-4E3D-AD35-C952D540ECE2}.AppStore|x64.Build.0 = Release|Any CPU
		{175629A4-F877-4E3D-AD35-C952D540ECE2}.AppStore|x86.ActiveCfg = Release|Any CPU
		{175629A4-F877-4E3D-AD35-C952D540ECE2}.AppStore|x86.Build.0 = Release|Any CPU
		{175629A4-F877-4E3D-AD35-C952D540ECE2}.Debug|Any CPU.ActiveCfg = Debug|Any CPU
		{175629A4-F877-4E3D-AD35-C952D540ECE2}.Debug|Any CPU.Build.0 = Debug|Any CPU
		{175629A4-F877-4E3D-AD35-C952D540ECE2}.Debug|ARM.ActiveCfg = Debug|Any CPU
		{175629A4-F877-4E3D-AD35-C952D540ECE2}.Debug|ARM.Build.0 = Debug|Any CPU
		{175629A4-F877-4E3D-AD35-C952D540ECE2}.Debug|iPhone.ActiveCfg = Debug|Any CPU
		{175629A4-F877-4E3D-AD35-C952D540ECE2}.Debug|iPhone.Build.0 = Debug|Any CPU
		{175629A4-F877-4E3D-AD35-C952D540ECE2}.Debug|iPhoneSimulator.ActiveCfg = Debug|Any CPU
		{175629A4-F877-4E3D-AD35-C952D540ECE2}.Debug|iPhoneSimulator.Build.0 = Debug|Any CPU
		{175629A4-F877-4E3D-AD35-C952D540ECE2}.Debug|x64.ActiveCfg = Debug|Any CPU
		{175629A4-F877-4E3D-AD35-C952D540ECE2}.Debug|x64.Build.0 = Debug|Any CPU
		{175629A4-F877-4E3D-AD35-C952D540ECE2}.Debug|x86.ActiveCfg = Debug|Any CPU
		{175629A4-F877-4E3D-AD35-C952D540ECE2}.Debug|x86.Build.0 = Debug|Any CPU
		{175629A4-F877-4E3D-AD35-C952D540ECE2}.Release|Any CPU.ActiveCfg = Release|Any CPU
		{175629A4-F877-4E3D-AD35-C952D540ECE2}.Release|Any CPU.Build.0 = Release|Any CPU
		{175629A4-F877-4E3D-AD35-C952D540ECE2}.Release|ARM.ActiveCfg = Release|Any CPU
		{175629A4-F877-4E3D-AD35-C952D540ECE2}.Release|ARM.Build.0 = Release|Any CPU
		{175629A4-F877-4E3D-AD35-C952D540ECE2}.Release|iPhone.ActiveCfg = Release|Any CPU
		{175629A4-F877-4E3D-AD35-C952D540ECE2}.Release|iPhone.Build.0 = Release|Any CPU
		{175629A4-F877-4E3D-AD35-C952D540ECE2}.Release|iPhoneSimulator.ActiveCfg = Release|Any CPU
		{175629A4-F877-4E3D-AD35-C952D540ECE2}.Release|iPhoneSimulator.Build.0 = Release|Any CPU
		{175629A4-F877-4E3D-AD35-C952D540ECE2}.Release|x64.ActiveCfg = Release|Any CPU
		{175629A4-F877-4E3D-AD35-C952D540ECE2}.Release|x64.Build.0 = Release|Any CPU
		{175629A4-F877-4E3D-AD35-C952D540ECE2}.Release|x86.ActiveCfg = Release|Any CPU
		{175629A4-F877-4E3D-AD35-C952D540ECE2}.Release|x86.Build.0 = Release|Any CPU
		{350442F1-4D1E-4DEC-BE80-5B195E649E09}.Ad-Hoc|Any CPU.ActiveCfg = Release|Any CPU
		{350442F1-4D1E-4DEC-BE80-5B195E649E09}.Ad-Hoc|Any CPU.Build.0 = Release|Any CPU
		{350442F1-4D1E-4DEC-BE80-5B195E649E09}.Ad-Hoc|ARM.ActiveCfg = Release|Any CPU
		{350442F1-4D1E-4DEC-BE80-5B195E649E09}.Ad-Hoc|ARM.Build.0 = Release|Any CPU
		{350442F1-4D1E-4DEC-BE80-5B195E649E09}.Ad-Hoc|iPhone.ActiveCfg = Release|Any CPU
		{350442F1-4D1E-4DEC-BE80-5B195E649E09}.Ad-Hoc|iPhone.Build.0 = Release|Any CPU
		{350442F1-4D1E-4DEC-BE80-5B195E649E09}.Ad-Hoc|iPhoneSimulator.ActiveCfg = Release|Any CPU
		{350442F1-4D1E-4DEC-BE80-5B195E649E09}.Ad-Hoc|iPhoneSimulator.Build.0 = Release|Any CPU
		{350442F1-4D1E-4DEC-BE80-5B195E649E09}.Ad-Hoc|x64.ActiveCfg = Release|Any CPU
		{350442F1-4D1E-4DEC-BE80-5B195E649E09}.Ad-Hoc|x64.Build.0 = Release|Any CPU
		{350442F1-4D1E-4DEC-BE80-5B195E649E09}.Ad-Hoc|x86.ActiveCfg = Release|Any CPU
		{350442F1-4D1E-4DEC-BE80-5B195E649E09}.Ad-Hoc|x86.Build.0 = Release|Any CPU
		{350442F1-4D1E-4DEC-BE80-5B195E649E09}.AppStore|Any CPU.ActiveCfg = Release|Any CPU
		{350442F1-4D1E-4DEC-BE80-5B195E649E09}.AppStore|Any CPU.Build.0 = Release|Any CPU
		{350442F1-4D1E-4DEC-BE80-5B195E649E09}.AppStore|ARM.ActiveCfg = Release|Any CPU
		{350442F1-4D1E-4DEC-BE80-5B195E649E09}.AppStore|ARM.Build.0 = Release|Any CPU
		{350442F1-4D1E-4DEC-BE80-5B195E649E09}.AppStore|iPhone.ActiveCfg = Release|Any CPU
		{350442F1-4D1E-4DEC-BE80-5B195E649E09}.AppStore|iPhone.Build.0 = Release|Any CPU
		{350442F1-4D1E-4DEC-BE80-5B195E649E09}.AppStore|iPhoneSimulator.ActiveCfg = Release|Any CPU
		{350442F1-4D1E-4DEC-BE80-5B195E649E09}.AppStore|iPhoneSimulator.Build.0 = Release|Any CPU
		{350442F1-4D1E-4DEC-BE80-5B195E649E09}.AppStore|x64.ActiveCfg = Release|Any CPU
		{350442F1-4D1E-4DEC-BE80-5B195E649E09}.AppStore|x64.Build.0 = Release|Any CPU
		{350442F1-4D1E-4DEC-BE80-5B195E649E09}.AppStore|x86.ActiveCfg = Release|Any CPU
		{350442F1-4D1E-4DEC-BE80-5B195E649E09}.AppStore|x86.Build.0 = Release|Any CPU
		{350442F1-4D1E-4DEC-BE80-5B195E649E09}.Debug|Any CPU.ActiveCfg = Debug|Any CPU
		{350442F1-4D1E-4DEC-BE80-5B195E649E09}.Debug|Any CPU.Build.0 = Debug|Any CPU
		{350442F1-4D1E-4DEC-BE80-5B195E649E09}.Debug|ARM.ActiveCfg = Debug|Any CPU
		{350442F1-4D1E-4DEC-BE80-5B195E649E09}.Debug|ARM.Build.0 = Debug|Any CPU
		{350442F1-4D1E-4DEC-BE80-5B195E649E09}.Debug|iPhone.ActiveCfg = Debug|Any CPU
		{350442F1-4D1E-4DEC-BE80-5B195E649E09}.Debug|iPhone.Build.0 = Debug|Any CPU
		{350442F1-4D1E-4DEC-BE80-5B195E649E09}.Debug|iPhoneSimulator.ActiveCfg = Debug|Any CPU
		{350442F1-4D1E-4DEC-BE80-5B195E649E09}.Debug|iPhoneSimulator.Build.0 = Debug|Any CPU
		{350442F1-4D1E-4DEC-BE80-5B195E649E09}.Debug|x64.ActiveCfg = Debug|Any CPU
		{350442F1-4D1E-4DEC-BE80-5B195E649E09}.Debug|x64.Build.0 = Debug|Any CPU
		{350442F1-4D1E-4DEC-BE80-5B195E649E09}.Debug|x86.ActiveCfg = Debug|Any CPU
		{350442F1-4D1E-4DEC-BE80-5B195E649E09}.Debug|x86.Build.0 = Debug|Any CPU
		{350442F1-4D1E-4DEC-BE80-5B195E649E09}.Release|Any CPU.ActiveCfg = Release|Any CPU
		{350442F1-4D1E-4DEC-BE80-5B195E649E09}.Release|Any CPU.Build.0 = Release|Any CPU
		{350442F1-4D1E-4DEC-BE80-5B195E649E09}.Release|ARM.ActiveCfg = Release|Any CPU
		{350442F1-4D1E-4DEC-BE80-5B195E649E09}.Release|ARM.Build.0 = Release|Any CPU
		{350442F1-4D1E-4DEC-BE80-5B195E649E09}.Release|iPhone.ActiveCfg = Release|Any CPU
		{350442F1-4D1E-4DEC-BE80-5B195E649E09}.Release|iPhone.Build.0 = Release|Any CPU
		{350442F1-4D1E-4DEC-BE80-5B195E649E09}.Release|iPhoneSimulator.ActiveCfg = Release|Any CPU
		{350442F1-4D1E-4DEC-BE80-5B195E649E09}.Release|iPhoneSimulator.Build.0 = Release|Any CPU
		{350442F1-4D1E-4DEC-BE80-5B195E649E09}.Release|x64.ActiveCfg = Release|Any CPU
		{350442F1-4D1E-4DEC-BE80-5B195E649E09}.Release|x64.Build.0 = Release|Any CPU
		{350442F1-4D1E-4DEC-BE80-5B195E649E09}.Release|x86.ActiveCfg = Release|Any CPU
		{350442F1-4D1E-4DEC-BE80-5B195E649E09}.Release|x86.Build.0 = Release|Any CPU
		{DB0FFDD6-2885-4F90-8AAF-BFACA438D848}.Ad-Hoc|Any CPU.ActiveCfg = Release|Any CPU
		{DB0FFDD6-2885-4F90-8AAF-BFACA438D848}.Ad-Hoc|Any CPU.Build.0 = Release|Any CPU
		{DB0FFDD6-2885-4F90-8AAF-BFACA438D848}.Ad-Hoc|ARM.ActiveCfg = Release|Any CPU
		{DB0FFDD6-2885-4F90-8AAF-BFACA438D848}.Ad-Hoc|ARM.Build.0 = Release|Any CPU
		{DB0FFDD6-2885-4F90-8AAF-BFACA438D848}.Ad-Hoc|iPhone.ActiveCfg = Release|Any CPU
		{DB0FFDD6-2885-4F90-8AAF-BFACA438D848}.Ad-Hoc|iPhone.Build.0 = Release|Any CPU
		{DB0FFDD6-2885-4F90-8AAF-BFACA438D848}.Ad-Hoc|iPhoneSimulator.ActiveCfg = Release|Any CPU
		{DB0FFDD6-2885-4F90-8AAF-BFACA438D848}.Ad-Hoc|iPhoneSimulator.Build.0 = Release|Any CPU
		{DB0FFDD6-2885-4F90-8AAF-BFACA438D848}.Ad-Hoc|x64.ActiveCfg = Release|Any CPU
		{DB0FFDD6-2885-4F90-8AAF-BFACA438D848}.Ad-Hoc|x64.Build.0 = Release|Any CPU
		{DB0FFDD6-2885-4F90-8AAF-BFACA438D848}.Ad-Hoc|x86.ActiveCfg = Release|Any CPU
		{DB0FFDD6-2885-4F90-8AAF-BFACA438D848}.Ad-Hoc|x86.Build.0 = Release|Any CPU
		{DB0FFDD6-2885-4F90-8AAF-BFACA438D848}.AppStore|Any CPU.ActiveCfg = Release|Any CPU
		{DB0FFDD6-2885-4F90-8AAF-BFACA438D848}.AppStore|Any CPU.Build.0 = Release|Any CPU
		{DB0FFDD6-2885-4F90-8AAF-BFACA438D848}.AppStore|ARM.ActiveCfg = Release|Any CPU
		{DB0FFDD6-2885-4F90-8AAF-BFACA438D848}.AppStore|ARM.Build.0 = Release|Any CPU
		{DB0FFDD6-2885-4F90-8AAF-BFACA438D848}.AppStore|iPhone.ActiveCfg = Release|Any CPU
		{DB0FFDD6-2885-4F90-8AAF-BFACA438D848}.AppStore|iPhone.Build.0 = Release|Any CPU
		{DB0FFDD6-2885-4F90-8AAF-BFACA438D848}.AppStore|iPhoneSimulator.ActiveCfg = Release|Any CPU
		{DB0FFDD6-2885-4F90-8AAF-BFACA438D848}.AppStore|iPhoneSimulator.Build.0 = Release|Any CPU
		{DB0FFDD6-2885-4F90-8AAF-BFACA438D848}.AppStore|x64.ActiveCfg = Release|Any CPU
		{DB0FFDD6-2885-4F90-8AAF-BFACA438D848}.AppStore|x64.Build.0 = Release|Any CPU
		{DB0FFDD6-2885-4F90-8AAF-BFACA438D848}.AppStore|x86.ActiveCfg = Release|Any CPU
		{DB0FFDD6-2885-4F90-8AAF-BFACA438D848}.AppStore|x86.Build.0 = Release|Any CPU
		{DB0FFDD6-2885-4F90-8AAF-BFACA438D848}.Debug|Any CPU.ActiveCfg = Debug|Any CPU
		{DB0FFDD6-2885-4F90-8AAF-BFACA438D848}.Debug|Any CPU.Build.0 = Debug|Any CPU
		{DB0FFDD6-2885-4F90-8AAF-BFACA438D848}.Debug|ARM.ActiveCfg = Debug|Any CPU
		{DB0FFDD6-2885-4F90-8AAF-BFACA438D848}.Debug|ARM.Build.0 = Debug|Any CPU
		{DB0FFDD6-2885-4F90-8AAF-BFACA438D848}.Debug|iPhone.ActiveCfg = Debug|Any CPU
		{DB0FFDD6-2885-4F90-8AAF-BFACA438D848}.Debug|iPhone.Build.0 = Debug|Any CPU
		{DB0FFDD6-2885-4F90-8AAF-BFACA438D848}.Debug|iPhoneSimulator.ActiveCfg = Debug|Any CPU
		{DB0FFDD6-2885-4F90-8AAF-BFACA438D848}.Debug|iPhoneSimulator.Build.0 = Debug|Any CPU
		{DB0FFDD6-2885-4F90-8AAF-BFACA438D848}.Debug|x64.ActiveCfg = Debug|Any CPU
		{DB0FFDD6-2885-4F90-8AAF-BFACA438D848}.Debug|x64.Build.0 = Debug|Any CPU
		{DB0FFDD6-2885-4F90-8AAF-BFACA438D848}.Debug|x86.ActiveCfg = Debug|Any CPU
		{DB0FFDD6-2885-4F90-8AAF-BFACA438D848}.Debug|x86.Build.0 = Debug|Any CPU
		{DB0FFDD6-2885-4F90-8AAF-BFACA438D848}.Release|Any CPU.ActiveCfg = Release|Any CPU
		{DB0FFDD6-2885-4F90-8AAF-BFACA438D848}.Release|Any CPU.Build.0 = Release|Any CPU
		{DB0FFDD6-2885-4F90-8AAF-BFACA438D848}.Release|ARM.ActiveCfg = Release|Any CPU
		{DB0FFDD6-2885-4F90-8AAF-BFACA438D848}.Release|ARM.Build.0 = Release|Any CPU
		{DB0FFDD6-2885-4F90-8AAF-BFACA438D848}.Release|iPhone.ActiveCfg = Release|Any CPU
		{DB0FFDD6-2885-4F90-8AAF-BFACA438D848}.Release|iPhone.Build.0 = Release|Any CPU
		{DB0FFDD6-2885-4F90-8AAF-BFACA438D848}.Release|iPhoneSimulator.ActiveCfg = Release|Any CPU
		{DB0FFDD6-2885-4F90-8AAF-BFACA438D848}.Release|iPhoneSimulator.Build.0 = Release|Any CPU
		{DB0FFDD6-2885-4F90-8AAF-BFACA438D848}.Release|x64.ActiveCfg = Release|Any CPU
		{DB0FFDD6-2885-4F90-8AAF-BFACA438D848}.Release|x64.Build.0 = Release|Any CPU
		{DB0FFDD6-2885-4F90-8AAF-BFACA438D848}.Release|x86.ActiveCfg = Release|Any CPU
		{DB0FFDD6-2885-4F90-8AAF-BFACA438D848}.Release|x86.Build.0 = Release|Any CPU
		{3486BBC3-05D0-47AC-AD96-CD313B3D3F7E}.Ad-Hoc|Any CPU.ActiveCfg = Release|Any CPU
		{3486BBC3-05D0-47AC-AD96-CD313B3D3F7E}.Ad-Hoc|Any CPU.Build.0 = Release|Any CPU
		{3486BBC3-05D0-47AC-AD96-CD313B3D3F7E}.Ad-Hoc|ARM.ActiveCfg = Release|Any CPU
		{3486BBC3-05D0-47AC-AD96-CD313B3D3F7E}.Ad-Hoc|ARM.Build.0 = Release|Any CPU
		{3486BBC3-05D0-47AC-AD96-CD313B3D3F7E}.Ad-Hoc|iPhone.ActiveCfg = Release|Any CPU
		{3486BBC3-05D0-47AC-AD96-CD313B3D3F7E}.Ad-Hoc|iPhone.Build.0 = Release|Any CPU
		{3486BBC3-05D0-47AC-AD96-CD313B3D3F7E}.Ad-Hoc|iPhoneSimulator.ActiveCfg = Release|Any CPU
		{3486BBC3-05D0-47AC-AD96-CD313B3D3F7E}.Ad-Hoc|iPhoneSimulator.Build.0 = Release|Any CPU
		{3486BBC3-05D0-47AC-AD96-CD313B3D3F7E}.Ad-Hoc|x64.ActiveCfg = Release|Any CPU
		{3486BBC3-05D0-47AC-AD96-CD313B3D3F7E}.Ad-Hoc|x64.Build.0 = Release|Any CPU
		{3486BBC3-05D0-47AC-AD96-CD313B3D3F7E}.Ad-Hoc|x86.ActiveCfg = Release|Any CPU
		{3486BBC3-05D0-47AC-AD96-CD313B3D3F7E}.Ad-Hoc|x86.Build.0 = Release|Any CPU
		{3486BBC3-05D0-47AC-AD96-CD313B3D3F7E}.AppStore|Any CPU.ActiveCfg = Release|Any CPU
		{3486BBC3-05D0-47AC-AD96-CD313B3D3F7E}.AppStore|Any CPU.Build.0 = Release|Any CPU
		{3486BBC3-05D0-47AC-AD96-CD313B3D3F7E}.AppStore|ARM.ActiveCfg = Release|Any CPU
		{3486BBC3-05D0-47AC-AD96-CD313B3D3F7E}.AppStore|ARM.Build.0 = Release|Any CPU
		{3486BBC3-05D0-47AC-AD96-CD313B3D3F7E}.AppStore|iPhone.ActiveCfg = Release|Any CPU
		{3486BBC3-05D0-47AC-AD96-CD313B3D3F7E}.AppStore|iPhone.Build.0 = Release|Any CPU
		{3486BBC3-05D0-47AC-AD96-CD313B3D3F7E}.AppStore|iPhoneSimulator.ActiveCfg = Release|Any CPU
		{3486BBC3-05D0-47AC-AD96-CD313B3D3F7E}.AppStore|iPhoneSimulator.Build.0 = Release|Any CPU
		{3486BBC3-05D0-47AC-AD96-CD313B3D3F7E}.AppStore|x64.ActiveCfg = Release|Any CPU
		{3486BBC3-05D0-47AC-AD96-CD313B3D3F7E}.AppStore|x64.Build.0 = Release|Any CPU
		{3486BBC3-05D0-47AC-AD96-CD313B3D3F7E}.AppStore|x86.ActiveCfg = Release|Any CPU
		{3486BBC3-05D0-47AC-AD96-CD313B3D3F7E}.AppStore|x86.Build.0 = Release|Any CPU
		{3486BBC3-05D0-47AC-AD96-CD313B3D3F7E}.Debug|Any CPU.ActiveCfg = Debug|Any CPU
		{3486BBC3-05D0-47AC-AD96-CD313B3D3F7E}.Debug|Any CPU.Build.0 = Debug|Any CPU
		{3486BBC3-05D0-47AC-AD96-CD313B3D3F7E}.Debug|ARM.ActiveCfg = Debug|Any CPU
		{3486BBC3-05D0-47AC-AD96-CD313B3D3F7E}.Debug|ARM.Build.0 = Debug|Any CPU
		{3486BBC3-05D0-47AC-AD96-CD313B3D3F7E}.Debug|iPhone.ActiveCfg = Debug|Any CPU
		{3486BBC3-05D0-47AC-AD96-CD313B3D3F7E}.Debug|iPhone.Build.0 = Debug|Any CPU
		{3486BBC3-05D0-47AC-AD96-CD313B3D3F7E}.Debug|iPhoneSimulator.ActiveCfg = Debug|Any CPU
		{3486BBC3-05D0-47AC-AD96-CD313B3D3F7E}.Debug|iPhoneSimulator.Build.0 = Debug|Any CPU
		{3486BBC3-05D0-47AC-AD96-CD313B3D3F7E}.Debug|x64.ActiveCfg = Debug|Any CPU
		{3486BBC3-05D0-47AC-AD96-CD313B3D3F7E}.Debug|x64.Build.0 = Debug|Any CPU
		{3486BBC3-05D0-47AC-AD96-CD313B3D3F7E}.Debug|x86.ActiveCfg = Debug|Any CPU
		{3486BBC3-05D0-47AC-AD96-CD313B3D3F7E}.Debug|x86.Build.0 = Debug|Any CPU
		{3486BBC3-05D0-47AC-AD96-CD313B3D3F7E}.Release|Any CPU.ActiveCfg = Release|Any CPU
		{3486BBC3-05D0-47AC-AD96-CD313B3D3F7E}.Release|Any CPU.Build.0 = Release|Any CPU
		{3486BBC3-05D0-47AC-AD96-CD313B3D3F7E}.Release|ARM.ActiveCfg = Release|Any CPU
		{3486BBC3-05D0-47AC-AD96-CD313B3D3F7E}.Release|ARM.Build.0 = Release|Any CPU
		{3486BBC3-05D0-47AC-AD96-CD313B3D3F7E}.Release|iPhone.ActiveCfg = Release|Any CPU
		{3486BBC3-05D0-47AC-AD96-CD313B3D3F7E}.Release|iPhone.Build.0 = Release|Any CPU
		{3486BBC3-05D0-47AC-AD96-CD313B3D3F7E}.Release|iPhoneSimulator.ActiveCfg = Release|Any CPU
		{3486BBC3-05D0-47AC-AD96-CD313B3D3F7E}.Release|iPhoneSimulator.Build.0 = Release|Any CPU
		{3486BBC3-05D0-47AC-AD96-CD313B3D3F7E}.Release|x64.ActiveCfg = Release|Any CPU
		{3486BBC3-05D0-47AC-AD96-CD313B3D3F7E}.Release|x64.Build.0 = Release|Any CPU
		{3486BBC3-05D0-47AC-AD96-CD313B3D3F7E}.Release|x86.ActiveCfg = Release|Any CPU
		{3486BBC3-05D0-47AC-AD96-CD313B3D3F7E}.Release|x86.Build.0 = Release|Any CPU
		{0A7211C4-5F6C-4598-8485-88BE87DCCA3C}.Ad-Hoc|Any CPU.ActiveCfg = Release|Any CPU
		{0A7211C4-5F6C-4598-8485-88BE87DCCA3C}.Ad-Hoc|Any CPU.Build.0 = Release|Any CPU
		{0A7211C4-5F6C-4598-8485-88BE87DCCA3C}.Ad-Hoc|ARM.ActiveCfg = Release|Any CPU
		{0A7211C4-5F6C-4598-8485-88BE87DCCA3C}.Ad-Hoc|ARM.Build.0 = Release|Any CPU
		{0A7211C4-5F6C-4598-8485-88BE87DCCA3C}.Ad-Hoc|iPhone.ActiveCfg = Release|Any CPU
		{0A7211C4-5F6C-4598-8485-88BE87DCCA3C}.Ad-Hoc|iPhone.Build.0 = Release|Any CPU
		{0A7211C4-5F6C-4598-8485-88BE87DCCA3C}.Ad-Hoc|iPhoneSimulator.ActiveCfg = Release|Any CPU
		{0A7211C4-5F6C-4598-8485-88BE87DCCA3C}.Ad-Hoc|iPhoneSimulator.Build.0 = Release|Any CPU
		{0A7211C4-5F6C-4598-8485-88BE87DCCA3C}.Ad-Hoc|x64.ActiveCfg = Release|Any CPU
		{0A7211C4-5F6C-4598-8485-88BE87DCCA3C}.Ad-Hoc|x64.Build.0 = Release|Any CPU
		{0A7211C4-5F6C-4598-8485-88BE87DCCA3C}.Ad-Hoc|x86.ActiveCfg = Release|Any CPU
		{0A7211C4-5F6C-4598-8485-88BE87DCCA3C}.Ad-Hoc|x86.Build.0 = Release|Any CPU
		{0A7211C4-5F6C-4598-8485-88BE87DCCA3C}.AppStore|Any CPU.ActiveCfg = Release|Any CPU
		{0A7211C4-5F6C-4598-8485-88BE87DCCA3C}.AppStore|Any CPU.Build.0 = Release|Any CPU
		{0A7211C4-5F6C-4598-8485-88BE87DCCA3C}.AppStore|ARM.ActiveCfg = Release|Any CPU
		{0A7211C4-5F6C-4598-8485-88BE87DCCA3C}.AppStore|ARM.Build.0 = Release|Any CPU
		{0A7211C4-5F6C-4598-8485-88BE87DCCA3C}.AppStore|iPhone.ActiveCfg = Release|Any CPU
		{0A7211C4-5F6C-4598-8485-88BE87DCCA3C}.AppStore|iPhone.Build.0 = Release|Any CPU
		{0A7211C4-5F6C-4598-8485-88BE87DCCA3C}.AppStore|iPhoneSimulator.ActiveCfg = Release|Any CPU
		{0A7211C4-5F6C-4598-8485-88BE87DCCA3C}.AppStore|iPhoneSimulator.Build.0 = Release|Any CPU
		{0A7211C4-5F6C-4598-8485-88BE87DCCA3C}.AppStore|x64.ActiveCfg = Release|Any CPU
		{0A7211C4-5F6C-4598-8485-88BE87DCCA3C}.AppStore|x64.Build.0 = Release|Any CPU
		{0A7211C4-5F6C-4598-8485-88BE87DCCA3C}.AppStore|x86.ActiveCfg = Release|Any CPU
		{0A7211C4-5F6C-4598-8485-88BE87DCCA3C}.AppStore|x86.Build.0 = Release|Any CPU
		{0A7211C4-5F6C-4598-8485-88BE87DCCA3C}.Debug|Any CPU.ActiveCfg = Debug|Any CPU
		{0A7211C4-5F6C-4598-8485-88BE87DCCA3C}.Debug|Any CPU.Build.0 = Debug|Any CPU
		{0A7211C4-5F6C-4598-8485-88BE87DCCA3C}.Debug|ARM.ActiveCfg = Debug|Any CPU
		{0A7211C4-5F6C-4598-8485-88BE87DCCA3C}.Debug|ARM.Build.0 = Debug|Any CPU
		{0A7211C4-5F6C-4598-8485-88BE87DCCA3C}.Debug|iPhone.ActiveCfg = Debug|Any CPU
		{0A7211C4-5F6C-4598-8485-88BE87DCCA3C}.Debug|iPhone.Build.0 = Debug|Any CPU
		{0A7211C4-5F6C-4598-8485-88BE87DCCA3C}.Debug|iPhoneSimulator.ActiveCfg = Debug|Any CPU
		{0A7211C4-5F6C-4598-8485-88BE87DCCA3C}.Debug|iPhoneSimulator.Build.0 = Debug|Any CPU
		{0A7211C4-5F6C-4598-8485-88BE87DCCA3C}.Debug|x64.ActiveCfg = Debug|Any CPU
		{0A7211C4-5F6C-4598-8485-88BE87DCCA3C}.Debug|x64.Build.0 = Debug|Any CPU
		{0A7211C4-5F6C-4598-8485-88BE87DCCA3C}.Debug|x86.ActiveCfg = Debug|Any CPU
		{0A7211C4-5F6C-4598-8485-88BE87DCCA3C}.Debug|x86.Build.0 = Debug|Any CPU
		{0A7211C4-5F6C-4598-8485-88BE87DCCA3C}.Release|Any CPU.ActiveCfg = Release|Any CPU
		{0A7211C4-5F6C-4598-8485-88BE87DCCA3C}.Release|Any CPU.Build.0 = Release|Any CPU
		{0A7211C4-5F6C-4598-8485-88BE87DCCA3C}.Release|ARM.ActiveCfg = Release|Any CPU
		{0A7211C4-5F6C-4598-8485-88BE87DCCA3C}.Release|ARM.Build.0 = Release|Any CPU
		{0A7211C4-5F6C-4598-8485-88BE87DCCA3C}.Release|iPhone.ActiveCfg = Release|Any CPU
		{0A7211C4-5F6C-4598-8485-88BE87DCCA3C}.Release|iPhone.Build.0 = Release|Any CPU
		{0A7211C4-5F6C-4598-8485-88BE87DCCA3C}.Release|iPhoneSimulator.ActiveCfg = Release|Any CPU
		{0A7211C4-5F6C-4598-8485-88BE87DCCA3C}.Release|iPhoneSimulator.Build.0 = Release|Any CPU
		{0A7211C4-5F6C-4598-8485-88BE87DCCA3C}.Release|x64.ActiveCfg = Release|Any CPU
		{0A7211C4-5F6C-4598-8485-88BE87DCCA3C}.Release|x64.Build.0 = Release|Any CPU
		{0A7211C4-5F6C-4598-8485-88BE87DCCA3C}.Release|x86.ActiveCfg = Release|Any CPU
		{0A7211C4-5F6C-4598-8485-88BE87DCCA3C}.Release|x86.Build.0 = Release|Any CPU
		{AD0ED9A0-AF1B-4E94-BC66-12D4F8660C42}.Ad-Hoc|Any CPU.ActiveCfg = Release|Any CPU
		{AD0ED9A0-AF1B-4E94-BC66-12D4F8660C42}.Ad-Hoc|Any CPU.Build.0 = Release|Any CPU
		{AD0ED9A0-AF1B-4E94-BC66-12D4F8660C42}.Ad-Hoc|ARM.ActiveCfg = Release|Any CPU
		{AD0ED9A0-AF1B-4E94-BC66-12D4F8660C42}.Ad-Hoc|ARM.Build.0 = Release|Any CPU
		{AD0ED9A0-AF1B-4E94-BC66-12D4F8660C42}.Ad-Hoc|iPhone.ActiveCfg = Release|Any CPU
		{AD0ED9A0-AF1B-4E94-BC66-12D4F8660C42}.Ad-Hoc|iPhone.Build.0 = Release|Any CPU
		{AD0ED9A0-AF1B-4E94-BC66-12D4F8660C42}.Ad-Hoc|iPhoneSimulator.ActiveCfg = Release|Any CPU
		{AD0ED9A0-AF1B-4E94-BC66-12D4F8660C42}.Ad-Hoc|iPhoneSimulator.Build.0 = Release|Any CPU
		{AD0ED9A0-AF1B-4E94-BC66-12D4F8660C42}.Ad-Hoc|x64.ActiveCfg = Release|Any CPU
		{AD0ED9A0-AF1B-4E94-BC66-12D4F8660C42}.Ad-Hoc|x64.Build.0 = Release|Any CPU
		{AD0ED9A0-AF1B-4E94-BC66-12D4F8660C42}.Ad-Hoc|x86.ActiveCfg = Release|Any CPU
		{AD0ED9A0-AF1B-4E94-BC66-12D4F8660C42}.Ad-Hoc|x86.Build.0 = Release|Any CPU
		{AD0ED9A0-AF1B-4E94-BC66-12D4F8660C42}.AppStore|Any CPU.ActiveCfg = Release|Any CPU
		{AD0ED9A0-AF1B-4E94-BC66-12D4F8660C42}.AppStore|Any CPU.Build.0 = Release|Any CPU
		{AD0ED9A0-AF1B-4E94-BC66-12D4F8660C42}.AppStore|ARM.ActiveCfg = Release|Any CPU
		{AD0ED9A0-AF1B-4E94-BC66-12D4F8660C42}.AppStore|ARM.Build.0 = Release|Any CPU
		{AD0ED9A0-AF1B-4E94-BC66-12D4F8660C42}.AppStore|iPhone.ActiveCfg = Release|Any CPU
		{AD0ED9A0-AF1B-4E94-BC66-12D4F8660C42}.AppStore|iPhone.Build.0 = Release|Any CPU
		{AD0ED9A0-AF1B-4E94-BC66-12D4F8660C42}.AppStore|iPhoneSimulator.ActiveCfg = Release|Any CPU
		{AD0ED9A0-AF1B-4E94-BC66-12D4F8660C42}.AppStore|iPhoneSimulator.Build.0 = Release|Any CPU
		{AD0ED9A0-AF1B-4E94-BC66-12D4F8660C42}.AppStore|x64.ActiveCfg = Release|Any CPU
		{AD0ED9A0-AF1B-4E94-BC66-12D4F8660C42}.AppStore|x64.Build.0 = Release|Any CPU
		{AD0ED9A0-AF1B-4E94-BC66-12D4F8660C42}.AppStore|x86.ActiveCfg = Release|Any CPU
		{AD0ED9A0-AF1B-4E94-BC66-12D4F8660C42}.AppStore|x86.Build.0 = Release|Any CPU
		{AD0ED9A0-AF1B-4E94-BC66-12D4F8660C42}.Debug|Any CPU.ActiveCfg = Debug|Any CPU
		{AD0ED9A0-AF1B-4E94-BC66-12D4F8660C42}.Debug|Any CPU.Build.0 = Debug|Any CPU
		{AD0ED9A0-AF1B-4E94-BC66-12D4F8660C42}.Debug|ARM.ActiveCfg = Debug|Any CPU
		{AD0ED9A0-AF1B-4E94-BC66-12D4F8660C42}.Debug|ARM.Build.0 = Debug|Any CPU
		{AD0ED9A0-AF1B-4E94-BC66-12D4F8660C42}.Debug|iPhone.ActiveCfg = Debug|Any CPU
		{AD0ED9A0-AF1B-4E94-BC66-12D4F8660C42}.Debug|iPhone.Build.0 = Debug|Any CPU
		{AD0ED9A0-AF1B-4E94-BC66-12D4F8660C42}.Debug|iPhoneSimulator.ActiveCfg = Debug|Any CPU
		{AD0ED9A0-AF1B-4E94-BC66-12D4F8660C42}.Debug|iPhoneSimulator.Build.0 = Debug|Any CPU
		{AD0ED9A0-AF1B-4E94-BC66-12D4F8660C42}.Debug|x64.ActiveCfg = Debug|Any CPU
		{AD0ED9A0-AF1B-4E94-BC66-12D4F8660C42}.Debug|x64.Build.0 = Debug|Any CPU
		{AD0ED9A0-AF1B-4E94-BC66-12D4F8660C42}.Debug|x86.ActiveCfg = Debug|Any CPU
		{AD0ED9A0-AF1B-4E94-BC66-12D4F8660C42}.Debug|x86.Build.0 = Debug|Any CPU
		{AD0ED9A0-AF1B-4E94-BC66-12D4F8660C42}.Release|Any CPU.ActiveCfg = Release|Any CPU
		{AD0ED9A0-AF1B-4E94-BC66-12D4F8660C42}.Release|Any CPU.Build.0 = Release|Any CPU
		{AD0ED9A0-AF1B-4E94-BC66-12D4F8660C42}.Release|ARM.ActiveCfg = Release|Any CPU
		{AD0ED9A0-AF1B-4E94-BC66-12D4F8660C42}.Release|ARM.Build.0 = Release|Any CPU
		{AD0ED9A0-AF1B-4E94-BC66-12D4F8660C42}.Release|iPhone.ActiveCfg = Release|Any CPU
		{AD0ED9A0-AF1B-4E94-BC66-12D4F8660C42}.Release|iPhone.Build.0 = Release|Any CPU
		{AD0ED9A0-AF1B-4E94-BC66-12D4F8660C42}.Release|iPhoneSimulator.ActiveCfg = Release|Any CPU
		{AD0ED9A0-AF1B-4E94-BC66-12D4F8660C42}.Release|iPhoneSimulator.Build.0 = Release|Any CPU
		{AD0ED9A0-AF1B-4E94-BC66-12D4F8660C42}.Release|x64.ActiveCfg = Release|Any CPU
		{AD0ED9A0-AF1B-4E94-BC66-12D4F8660C42}.Release|x64.Build.0 = Release|Any CPU
		{AD0ED9A0-AF1B-4E94-BC66-12D4F8660C42}.Release|x86.ActiveCfg = Release|Any CPU
		{AD0ED9A0-AF1B-4E94-BC66-12D4F8660C42}.Release|x86.Build.0 = Release|Any CPU
		{3EB4472F-49B1-47A3-9821-081B9AAFDA58}.Ad-Hoc|Any CPU.ActiveCfg = Release|Any CPU
		{3EB4472F-49B1-47A3-9821-081B9AAFDA58}.Ad-Hoc|Any CPU.Build.0 = Release|Any CPU
		{3EB4472F-49B1-47A3-9821-081B9AAFDA58}.Ad-Hoc|ARM.ActiveCfg = Release|Any CPU
		{3EB4472F-49B1-47A3-9821-081B9AAFDA58}.Ad-Hoc|ARM.Build.0 = Release|Any CPU
		{3EB4472F-49B1-47A3-9821-081B9AAFDA58}.Ad-Hoc|iPhone.ActiveCfg = Release|Any CPU
		{3EB4472F-49B1-47A3-9821-081B9AAFDA58}.Ad-Hoc|iPhone.Build.0 = Release|Any CPU
		{3EB4472F-49B1-47A3-9821-081B9AAFDA58}.Ad-Hoc|iPhoneSimulator.ActiveCfg = Release|Any CPU
		{3EB4472F-49B1-47A3-9821-081B9AAFDA58}.Ad-Hoc|iPhoneSimulator.Build.0 = Release|Any CPU
		{3EB4472F-49B1-47A3-9821-081B9AAFDA58}.Ad-Hoc|x64.ActiveCfg = Release|Any CPU
		{3EB4472F-49B1-47A3-9821-081B9AAFDA58}.Ad-Hoc|x64.Build.0 = Release|Any CPU
		{3EB4472F-49B1-47A3-9821-081B9AAFDA58}.Ad-Hoc|x86.ActiveCfg = Release|Any CPU
		{3EB4472F-49B1-47A3-9821-081B9AAFDA58}.Ad-Hoc|x86.Build.0 = Release|Any CPU
		{3EB4472F-49B1-47A3-9821-081B9AAFDA58}.AppStore|Any CPU.ActiveCfg = Release|Any CPU
		{3EB4472F-49B1-47A3-9821-081B9AAFDA58}.AppStore|Any CPU.Build.0 = Release|Any CPU
		{3EB4472F-49B1-47A3-9821-081B9AAFDA58}.AppStore|ARM.ActiveCfg = Release|Any CPU
		{3EB4472F-49B1-47A3-9821-081B9AAFDA58}.AppStore|ARM.Build.0 = Release|Any CPU
		{3EB4472F-49B1-47A3-9821-081B9AAFDA58}.AppStore|iPhone.ActiveCfg = Release|Any CPU
		{3EB4472F-49B1-47A3-9821-081B9AAFDA58}.AppStore|iPhone.Build.0 = Release|Any CPU
		{3EB4472F-49B1-47A3-9821-081B9AAFDA58}.AppStore|iPhoneSimulator.ActiveCfg = Release|Any CPU
		{3EB4472F-49B1-47A3-9821-081B9AAFDA58}.AppStore|iPhoneSimulator.Build.0 = Release|Any CPU
		{3EB4472F-49B1-47A3-9821-081B9AAFDA58}.AppStore|x64.ActiveCfg = Release|Any CPU
		{3EB4472F-49B1-47A3-9821-081B9AAFDA58}.AppStore|x64.Build.0 = Release|Any CPU
		{3EB4472F-49B1-47A3-9821-081B9AAFDA58}.AppStore|x86.ActiveCfg = Release|Any CPU
		{3EB4472F-49B1-47A3-9821-081B9AAFDA58}.AppStore|x86.Build.0 = Release|Any CPU
		{3EB4472F-49B1-47A3-9821-081B9AAFDA58}.Debug|Any CPU.ActiveCfg = Debug|Any CPU
		{3EB4472F-49B1-47A3-9821-081B9AAFDA58}.Debug|Any CPU.Build.0 = Debug|Any CPU
		{3EB4472F-49B1-47A3-9821-081B9AAFDA58}.Debug|ARM.ActiveCfg = Debug|Any CPU
		{3EB4472F-49B1-47A3-9821-081B9AAFDA58}.Debug|ARM.Build.0 = Debug|Any CPU
		{3EB4472F-49B1-47A3-9821-081B9AAFDA58}.Debug|iPhone.ActiveCfg = Debug|Any CPU
		{3EB4472F-49B1-47A3-9821-081B9AAFDA58}.Debug|iPhone.Build.0 = Debug|Any CPU
		{3EB4472F-49B1-47A3-9821-081B9AAFDA58}.Debug|iPhoneSimulator.ActiveCfg = Debug|Any CPU
		{3EB4472F-49B1-47A3-9821-081B9AAFDA58}.Debug|iPhoneSimulator.Build.0 = Debug|Any CPU
		{3EB4472F-49B1-47A3-9821-081B9AAFDA58}.Debug|x64.ActiveCfg = Debug|Any CPU
		{3EB4472F-49B1-47A3-9821-081B9AAFDA58}.Debug|x64.Build.0 = Debug|Any CPU
		{3EB4472F-49B1-47A3-9821-081B9AAFDA58}.Debug|x86.ActiveCfg = Debug|Any CPU
		{3EB4472F-49B1-47A3-9821-081B9AAFDA58}.Debug|x86.Build.0 = Debug|Any CPU
		{3EB4472F-49B1-47A3-9821-081B9AAFDA58}.Release|Any CPU.ActiveCfg = Release|Any CPU
		{3EB4472F-49B1-47A3-9821-081B9AAFDA58}.Release|Any CPU.Build.0 = Release|Any CPU
		{3EB4472F-49B1-47A3-9821-081B9AAFDA58}.Release|ARM.ActiveCfg = Release|Any CPU
		{3EB4472F-49B1-47A3-9821-081B9AAFDA58}.Release|ARM.Build.0 = Release|Any CPU
		{3EB4472F-49B1-47A3-9821-081B9AAFDA58}.Release|iPhone.ActiveCfg = Release|Any CPU
		{3EB4472F-49B1-47A3-9821-081B9AAFDA58}.Release|iPhone.Build.0 = Release|Any CPU
		{3EB4472F-49B1-47A3-9821-081B9AAFDA58}.Release|iPhoneSimulator.ActiveCfg = Release|Any CPU
		{3EB4472F-49B1-47A3-9821-081B9AAFDA58}.Release|iPhoneSimulator.Build.0 = Release|Any CPU
		{3EB4472F-49B1-47A3-9821-081B9AAFDA58}.Release|x64.ActiveCfg = Release|Any CPU
		{3EB4472F-49B1-47A3-9821-081B9AAFDA58}.Release|x64.Build.0 = Release|Any CPU
		{3EB4472F-49B1-47A3-9821-081B9AAFDA58}.Release|x86.ActiveCfg = Release|Any CPU
		{3EB4472F-49B1-47A3-9821-081B9AAFDA58}.Release|x86.Build.0 = Release|Any CPU
		{AD8C12C9-DEE4-4382-9076-CF59F313177C}.Ad-Hoc|Any CPU.ActiveCfg = Release|Any CPU
		{AD8C12C9-DEE4-4382-9076-CF59F313177C}.Ad-Hoc|Any CPU.Build.0 = Release|Any CPU
		{AD8C12C9-DEE4-4382-9076-CF59F313177C}.Ad-Hoc|ARM.ActiveCfg = Release|Any CPU
		{AD8C12C9-DEE4-4382-9076-CF59F313177C}.Ad-Hoc|ARM.Build.0 = Release|Any CPU
		{AD8C12C9-DEE4-4382-9076-CF59F313177C}.Ad-Hoc|iPhone.ActiveCfg = Release|Any CPU
		{AD8C12C9-DEE4-4382-9076-CF59F313177C}.Ad-Hoc|iPhone.Build.0 = Release|Any CPU
		{AD8C12C9-DEE4-4382-9076-CF59F313177C}.Ad-Hoc|iPhoneSimulator.ActiveCfg = Release|Any CPU
		{AD8C12C9-DEE4-4382-9076-CF59F313177C}.Ad-Hoc|iPhoneSimulator.Build.0 = Release|Any CPU
		{AD8C12C9-DEE4-4382-9076-CF59F313177C}.Ad-Hoc|x64.ActiveCfg = Release|Any CPU
		{AD8C12C9-DEE4-4382-9076-CF59F313177C}.Ad-Hoc|x64.Build.0 = Release|Any CPU
		{AD8C12C9-DEE4-4382-9076-CF59F313177C}.Ad-Hoc|x86.ActiveCfg = Release|Any CPU
		{AD8C12C9-DEE4-4382-9076-CF59F313177C}.Ad-Hoc|x86.Build.0 = Release|Any CPU
		{AD8C12C9-DEE4-4382-9076-CF59F313177C}.AppStore|Any CPU.ActiveCfg = Release|Any CPU
		{AD8C12C9-DEE4-4382-9076-CF59F313177C}.AppStore|Any CPU.Build.0 = Release|Any CPU
		{AD8C12C9-DEE4-4382-9076-CF59F313177C}.AppStore|ARM.ActiveCfg = Release|Any CPU
		{AD8C12C9-DEE4-4382-9076-CF59F313177C}.AppStore|ARM.Build.0 = Release|Any CPU
		{AD8C12C9-DEE4-4382-9076-CF59F313177C}.AppStore|iPhone.ActiveCfg = Release|Any CPU
		{AD8C12C9-DEE4-4382-9076-CF59F313177C}.AppStore|iPhone.Build.0 = Release|Any CPU
		{AD8C12C9-DEE4-4382-9076-CF59F313177C}.AppStore|iPhoneSimulator.ActiveCfg = Release|Any CPU
		{AD8C12C9-DEE4-4382-9076-CF59F313177C}.AppStore|iPhoneSimulator.Build.0 = Release|Any CPU
		{AD8C12C9-DEE4-4382-9076-CF59F313177C}.AppStore|x64.ActiveCfg = Release|Any CPU
		{AD8C12C9-DEE4-4382-9076-CF59F313177C}.AppStore|x64.Build.0 = Release|Any CPU
		{AD8C12C9-DEE4-4382-9076-CF59F313177C}.AppStore|x86.ActiveCfg = Release|Any CPU
		{AD8C12C9-DEE4-4382-9076-CF59F313177C}.AppStore|x86.Build.0 = Release|Any CPU
		{AD8C12C9-DEE4-4382-9076-CF59F313177C}.Debug|Any CPU.ActiveCfg = Debug|Any CPU
		{AD8C12C9-DEE4-4382-9076-CF59F313177C}.Debug|Any CPU.Build.0 = Debug|Any CPU
		{AD8C12C9-DEE4-4382-9076-CF59F313177C}.Debug|ARM.ActiveCfg = Debug|Any CPU
		{AD8C12C9-DEE4-4382-9076-CF59F313177C}.Debug|ARM.Build.0 = Debug|Any CPU
		{AD8C12C9-DEE4-4382-9076-CF59F313177C}.Debug|iPhone.ActiveCfg = Debug|Any CPU
		{AD8C12C9-DEE4-4382-9076-CF59F313177C}.Debug|iPhone.Build.0 = Debug|Any CPU
		{AD8C12C9-DEE4-4382-9076-CF59F313177C}.Debug|iPhoneSimulator.ActiveCfg = Debug|Any CPU
		{AD8C12C9-DEE4-4382-9076-CF59F313177C}.Debug|iPhoneSimulator.Build.0 = Debug|Any CPU
		{AD8C12C9-DEE4-4382-9076-CF59F313177C}.Debug|x64.ActiveCfg = Debug|Any CPU
		{AD8C12C9-DEE4-4382-9076-CF59F313177C}.Debug|x64.Build.0 = Debug|Any CPU
		{AD8C12C9-DEE4-4382-9076-CF59F313177C}.Debug|x86.ActiveCfg = Debug|Any CPU
		{AD8C12C9-DEE4-4382-9076-CF59F313177C}.Debug|x86.Build.0 = Debug|Any CPU
		{AD8C12C9-DEE4-4382-9076-CF59F313177C}.Release|Any CPU.ActiveCfg = Release|Any CPU
		{AD8C12C9-DEE4-4382-9076-CF59F313177C}.Release|Any CPU.Build.0 = Release|Any CPU
		{AD8C12C9-DEE4-4382-9076-CF59F313177C}.Release|ARM.ActiveCfg = Release|Any CPU
		{AD8C12C9-DEE4-4382-9076-CF59F313177C}.Release|ARM.Build.0 = Release|Any CPU
		{AD8C12C9-DEE4-4382-9076-CF59F313177C}.Release|iPhone.ActiveCfg = Release|Any CPU
		{AD8C12C9-DEE4-4382-9076-CF59F313177C}.Release|iPhone.Build.0 = Release|Any CPU
		{AD8C12C9-DEE4-4382-9076-CF59F313177C}.Release|iPhoneSimulator.ActiveCfg = Release|Any CPU
		{AD8C12C9-DEE4-4382-9076-CF59F313177C}.Release|iPhoneSimulator.Build.0 = Release|Any CPU
		{AD8C12C9-DEE4-4382-9076-CF59F313177C}.Release|x64.ActiveCfg = Release|Any CPU
		{AD8C12C9-DEE4-4382-9076-CF59F313177C}.Release|x64.Build.0 = Release|Any CPU
		{AD8C12C9-DEE4-4382-9076-CF59F313177C}.Release|x86.ActiveCfg = Release|Any CPU
		{AD8C12C9-DEE4-4382-9076-CF59F313177C}.Release|x86.Build.0 = Release|Any CPU
		{B4A73AB3-62C8-4ADD-9F1D-8CC3A38BC8E8}.Ad-Hoc|Any CPU.ActiveCfg = Release|Any CPU
		{B4A73AB3-62C8-4ADD-9F1D-8CC3A38BC8E8}.Ad-Hoc|Any CPU.Build.0 = Release|Any CPU
		{B4A73AB3-62C8-4ADD-9F1D-8CC3A38BC8E8}.Ad-Hoc|Any CPU.Deploy.0 = Release|Any CPU
		{B4A73AB3-62C8-4ADD-9F1D-8CC3A38BC8E8}.Ad-Hoc|ARM.ActiveCfg = Release|Any CPU
		{B4A73AB3-62C8-4ADD-9F1D-8CC3A38BC8E8}.Ad-Hoc|ARM.Build.0 = Release|Any CPU
		{B4A73AB3-62C8-4ADD-9F1D-8CC3A38BC8E8}.Ad-Hoc|ARM.Deploy.0 = Release|Any CPU
		{B4A73AB3-62C8-4ADD-9F1D-8CC3A38BC8E8}.Ad-Hoc|iPhone.ActiveCfg = Release|Any CPU
		{B4A73AB3-62C8-4ADD-9F1D-8CC3A38BC8E8}.Ad-Hoc|iPhone.Build.0 = Release|Any CPU
		{B4A73AB3-62C8-4ADD-9F1D-8CC3A38BC8E8}.Ad-Hoc|iPhone.Deploy.0 = Release|Any CPU
		{B4A73AB3-62C8-4ADD-9F1D-8CC3A38BC8E8}.Ad-Hoc|iPhoneSimulator.ActiveCfg = Release|Any CPU
		{B4A73AB3-62C8-4ADD-9F1D-8CC3A38BC8E8}.Ad-Hoc|iPhoneSimulator.Build.0 = Release|Any CPU
		{B4A73AB3-62C8-4ADD-9F1D-8CC3A38BC8E8}.Ad-Hoc|iPhoneSimulator.Deploy.0 = Release|Any CPU
		{B4A73AB3-62C8-4ADD-9F1D-8CC3A38BC8E8}.Ad-Hoc|x64.ActiveCfg = Release|Any CPU
		{B4A73AB3-62C8-4ADD-9F1D-8CC3A38BC8E8}.Ad-Hoc|x64.Build.0 = Release|Any CPU
		{B4A73AB3-62C8-4ADD-9F1D-8CC3A38BC8E8}.Ad-Hoc|x64.Deploy.0 = Release|Any CPU
		{B4A73AB3-62C8-4ADD-9F1D-8CC3A38BC8E8}.Ad-Hoc|x86.ActiveCfg = Release|Any CPU
		{B4A73AB3-62C8-4ADD-9F1D-8CC3A38BC8E8}.Ad-Hoc|x86.Build.0 = Release|Any CPU
		{B4A73AB3-62C8-4ADD-9F1D-8CC3A38BC8E8}.Ad-Hoc|x86.Deploy.0 = Release|Any CPU
		{B4A73AB3-62C8-4ADD-9F1D-8CC3A38BC8E8}.AppStore|Any CPU.ActiveCfg = Release|Any CPU
		{B4A73AB3-62C8-4ADD-9F1D-8CC3A38BC8E8}.AppStore|Any CPU.Build.0 = Release|Any CPU
		{B4A73AB3-62C8-4ADD-9F1D-8CC3A38BC8E8}.AppStore|Any CPU.Deploy.0 = Release|Any CPU
		{B4A73AB3-62C8-4ADD-9F1D-8CC3A38BC8E8}.AppStore|ARM.ActiveCfg = Release|Any CPU
		{B4A73AB3-62C8-4ADD-9F1D-8CC3A38BC8E8}.AppStore|ARM.Build.0 = Release|Any CPU
		{B4A73AB3-62C8-4ADD-9F1D-8CC3A38BC8E8}.AppStore|ARM.Deploy.0 = Release|Any CPU
		{B4A73AB3-62C8-4ADD-9F1D-8CC3A38BC8E8}.AppStore|iPhone.ActiveCfg = Release|Any CPU
		{B4A73AB3-62C8-4ADD-9F1D-8CC3A38BC8E8}.AppStore|iPhone.Build.0 = Release|Any CPU
		{B4A73AB3-62C8-4ADD-9F1D-8CC3A38BC8E8}.AppStore|iPhone.Deploy.0 = Release|Any CPU
		{B4A73AB3-62C8-4ADD-9F1D-8CC3A38BC8E8}.AppStore|iPhoneSimulator.ActiveCfg = Release|Any CPU
		{B4A73AB3-62C8-4ADD-9F1D-8CC3A38BC8E8}.AppStore|iPhoneSimulator.Build.0 = Release|Any CPU
		{B4A73AB3-62C8-4ADD-9F1D-8CC3A38BC8E8}.AppStore|iPhoneSimulator.Deploy.0 = Release|Any CPU
		{B4A73AB3-62C8-4ADD-9F1D-8CC3A38BC8E8}.AppStore|x64.ActiveCfg = Release|Any CPU
		{B4A73AB3-62C8-4ADD-9F1D-8CC3A38BC8E8}.AppStore|x64.Build.0 = Release|Any CPU
		{B4A73AB3-62C8-4ADD-9F1D-8CC3A38BC8E8}.AppStore|x64.Deploy.0 = Release|Any CPU
		{B4A73AB3-62C8-4ADD-9F1D-8CC3A38BC8E8}.AppStore|x86.ActiveCfg = Release|Any CPU
		{B4A73AB3-62C8-4ADD-9F1D-8CC3A38BC8E8}.AppStore|x86.Build.0 = Release|Any CPU
		{B4A73AB3-62C8-4ADD-9F1D-8CC3A38BC8E8}.AppStore|x86.Deploy.0 = Release|Any CPU
		{B4A73AB3-62C8-4ADD-9F1D-8CC3A38BC8E8}.Debug|Any CPU.ActiveCfg = Debug|Any CPU
		{B4A73AB3-62C8-4ADD-9F1D-8CC3A38BC8E8}.Debug|Any CPU.Build.0 = Debug|Any CPU
		{B4A73AB3-62C8-4ADD-9F1D-8CC3A38BC8E8}.Debug|Any CPU.Deploy.0 = Debug|Any CPU
		{B4A73AB3-62C8-4ADD-9F1D-8CC3A38BC8E8}.Debug|ARM.ActiveCfg = Debug|Any CPU
		{B4A73AB3-62C8-4ADD-9F1D-8CC3A38BC8E8}.Debug|ARM.Build.0 = Debug|Any CPU
		{B4A73AB3-62C8-4ADD-9F1D-8CC3A38BC8E8}.Debug|ARM.Deploy.0 = Debug|Any CPU
		{B4A73AB3-62C8-4ADD-9F1D-8CC3A38BC8E8}.Debug|iPhone.ActiveCfg = Debug|Any CPU
		{B4A73AB3-62C8-4ADD-9F1D-8CC3A38BC8E8}.Debug|iPhone.Build.0 = Debug|Any CPU
		{B4A73AB3-62C8-4ADD-9F1D-8CC3A38BC8E8}.Debug|iPhone.Deploy.0 = Debug|Any CPU
		{B4A73AB3-62C8-4ADD-9F1D-8CC3A38BC8E8}.Debug|iPhoneSimulator.ActiveCfg = Debug|Any CPU
		{B4A73AB3-62C8-4ADD-9F1D-8CC3A38BC8E8}.Debug|iPhoneSimulator.Build.0 = Debug|Any CPU
		{B4A73AB3-62C8-4ADD-9F1D-8CC3A38BC8E8}.Debug|iPhoneSimulator.Deploy.0 = Debug|Any CPU
		{B4A73AB3-62C8-4ADD-9F1D-8CC3A38BC8E8}.Debug|x64.ActiveCfg = Debug|Any CPU
		{B4A73AB3-62C8-4ADD-9F1D-8CC3A38BC8E8}.Debug|x64.Build.0 = Debug|Any CPU
		{B4A73AB3-62C8-4ADD-9F1D-8CC3A38BC8E8}.Debug|x64.Deploy.0 = Debug|Any CPU
		{B4A73AB3-62C8-4ADD-9F1D-8CC3A38BC8E8}.Debug|x86.ActiveCfg = Debug|Any CPU
		{B4A73AB3-62C8-4ADD-9F1D-8CC3A38BC8E8}.Debug|x86.Build.0 = Debug|Any CPU
		{B4A73AB3-62C8-4ADD-9F1D-8CC3A38BC8E8}.Debug|x86.Deploy.0 = Debug|Any CPU
		{B4A73AB3-62C8-4ADD-9F1D-8CC3A38BC8E8}.Release|Any CPU.ActiveCfg = Release|Any CPU
		{B4A73AB3-62C8-4ADD-9F1D-8CC3A38BC8E8}.Release|Any CPU.Build.0 = Release|Any CPU
		{B4A73AB3-62C8-4ADD-9F1D-8CC3A38BC8E8}.Release|Any CPU.Deploy.0 = Release|Any CPU
		{B4A73AB3-62C8-4ADD-9F1D-8CC3A38BC8E8}.Release|ARM.ActiveCfg = Release|Any CPU
		{B4A73AB3-62C8-4ADD-9F1D-8CC3A38BC8E8}.Release|ARM.Build.0 = Release|Any CPU
		{B4A73AB3-62C8-4ADD-9F1D-8CC3A38BC8E8}.Release|ARM.Deploy.0 = Release|Any CPU
		{B4A73AB3-62C8-4ADD-9F1D-8CC3A38BC8E8}.Release|iPhone.ActiveCfg = Release|Any CPU
		{B4A73AB3-62C8-4ADD-9F1D-8CC3A38BC8E8}.Release|iPhone.Build.0 = Release|Any CPU
		{B4A73AB3-62C8-4ADD-9F1D-8CC3A38BC8E8}.Release|iPhone.Deploy.0 = Release|Any CPU
		{B4A73AB3-62C8-4ADD-9F1D-8CC3A38BC8E8}.Release|iPhoneSimulator.ActiveCfg = Release|Any CPU
		{B4A73AB3-62C8-4ADD-9F1D-8CC3A38BC8E8}.Release|iPhoneSimulator.Build.0 = Release|Any CPU
		{B4A73AB3-62C8-4ADD-9F1D-8CC3A38BC8E8}.Release|iPhoneSimulator.Deploy.0 = Release|Any CPU
		{B4A73AB3-62C8-4ADD-9F1D-8CC3A38BC8E8}.Release|x64.ActiveCfg = Release|Any CPU
		{B4A73AB3-62C8-4ADD-9F1D-8CC3A38BC8E8}.Release|x64.Build.0 = Release|Any CPU
		{B4A73AB3-62C8-4ADD-9F1D-8CC3A38BC8E8}.Release|x64.Deploy.0 = Release|Any CPU
		{B4A73AB3-62C8-4ADD-9F1D-8CC3A38BC8E8}.Release|x86.ActiveCfg = Release|Any CPU
		{B4A73AB3-62C8-4ADD-9F1D-8CC3A38BC8E8}.Release|x86.Build.0 = Release|Any CPU
		{B4A73AB3-62C8-4ADD-9F1D-8CC3A38BC8E8}.Release|x86.Deploy.0 = Release|Any CPU
		{06F67291-57C6-44B2-9985-B5D36E462D23}.Ad-Hoc|Any CPU.ActiveCfg = Ad-Hoc|iPhone
		{06F67291-57C6-44B2-9985-B5D36E462D23}.Ad-Hoc|ARM.ActiveCfg = Ad-Hoc|iPhone
		{06F67291-57C6-44B2-9985-B5D36E462D23}.Ad-Hoc|iPhone.ActiveCfg = Ad-Hoc|iPhone
		{06F67291-57C6-44B2-9985-B5D36E462D23}.Ad-Hoc|iPhone.Build.0 = Ad-Hoc|iPhone
		{06F67291-57C6-44B2-9985-B5D36E462D23}.Ad-Hoc|iPhoneSimulator.ActiveCfg = Ad-Hoc|iPhoneSimulator
		{06F67291-57C6-44B2-9985-B5D36E462D23}.Ad-Hoc|iPhoneSimulator.Build.0 = Ad-Hoc|iPhoneSimulator
		{06F67291-57C6-44B2-9985-B5D36E462D23}.Ad-Hoc|x64.ActiveCfg = Ad-Hoc|iPhone
		{06F67291-57C6-44B2-9985-B5D36E462D23}.Ad-Hoc|x86.ActiveCfg = Ad-Hoc|iPhone
		{06F67291-57C6-44B2-9985-B5D36E462D23}.AppStore|Any CPU.ActiveCfg = AppStore|iPhone
		{06F67291-57C6-44B2-9985-B5D36E462D23}.AppStore|ARM.ActiveCfg = AppStore|iPhone
		{06F67291-57C6-44B2-9985-B5D36E462D23}.AppStore|iPhone.ActiveCfg = AppStore|iPhone
		{06F67291-57C6-44B2-9985-B5D36E462D23}.AppStore|iPhone.Build.0 = AppStore|iPhone
		{06F67291-57C6-44B2-9985-B5D36E462D23}.AppStore|iPhoneSimulator.ActiveCfg = AppStore|iPhoneSimulator
		{06F67291-57C6-44B2-9985-B5D36E462D23}.AppStore|iPhoneSimulator.Build.0 = AppStore|iPhoneSimulator
		{06F67291-57C6-44B2-9985-B5D36E462D23}.AppStore|x64.ActiveCfg = AppStore|iPhone
		{06F67291-57C6-44B2-9985-B5D36E462D23}.AppStore|x86.ActiveCfg = AppStore|iPhone
		{06F67291-57C6-44B2-9985-B5D36E462D23}.Debug|Any CPU.ActiveCfg = Debug|iPhone
		{06F67291-57C6-44B2-9985-B5D36E462D23}.Debug|ARM.ActiveCfg = Debug|iPhone
		{06F67291-57C6-44B2-9985-B5D36E462D23}.Debug|iPhone.ActiveCfg = Debug|iPhone
		{06F67291-57C6-44B2-9985-B5D36E462D23}.Debug|iPhone.Build.0 = Debug|iPhone
		{06F67291-57C6-44B2-9985-B5D36E462D23}.Debug|iPhoneSimulator.ActiveCfg = Debug|iPhoneSimulator
		{06F67291-57C6-44B2-9985-B5D36E462D23}.Debug|iPhoneSimulator.Build.0 = Debug|iPhoneSimulator
		{06F67291-57C6-44B2-9985-B5D36E462D23}.Debug|x64.ActiveCfg = Debug|iPhone
		{06F67291-57C6-44B2-9985-B5D36E462D23}.Debug|x86.ActiveCfg = Debug|iPhone
		{06F67291-57C6-44B2-9985-B5D36E462D23}.Release|Any CPU.ActiveCfg = Release|iPhone
		{06F67291-57C6-44B2-9985-B5D36E462D23}.Release|ARM.ActiveCfg = Release|iPhone
		{06F67291-57C6-44B2-9985-B5D36E462D23}.Release|iPhone.ActiveCfg = Release|iPhone
		{06F67291-57C6-44B2-9985-B5D36E462D23}.Release|iPhone.Build.0 = Release|iPhone
		{06F67291-57C6-44B2-9985-B5D36E462D23}.Release|iPhoneSimulator.ActiveCfg = Release|iPhoneSimulator
		{06F67291-57C6-44B2-9985-B5D36E462D23}.Release|iPhoneSimulator.Build.0 = Release|iPhoneSimulator
		{06F67291-57C6-44B2-9985-B5D36E462D23}.Release|x64.ActiveCfg = Release|iPhone
		{06F67291-57C6-44B2-9985-B5D36E462D23}.Release|x86.ActiveCfg = Release|iPhone
		{F4251021-533B-416F-94F0-6EE4CD2E7C17}.Ad-Hoc|Any CPU.ActiveCfg = Release|x64
		{F4251021-533B-416F-94F0-6EE4CD2E7C17}.Ad-Hoc|Any CPU.Build.0 = Release|x64
		{F4251021-533B-416F-94F0-6EE4CD2E7C17}.Ad-Hoc|Any CPU.Deploy.0 = Release|x64
		{F4251021-533B-416F-94F0-6EE4CD2E7C17}.Ad-Hoc|ARM.ActiveCfg = Release|ARM
		{F4251021-533B-416F-94F0-6EE4CD2E7C17}.Ad-Hoc|ARM.Build.0 = Release|ARM
		{F4251021-533B-416F-94F0-6EE4CD2E7C17}.Ad-Hoc|ARM.Deploy.0 = Release|ARM
		{F4251021-533B-416F-94F0-6EE4CD2E7C17}.Ad-Hoc|iPhone.ActiveCfg = Release|x64
		{F4251021-533B-416F-94F0-6EE4CD2E7C17}.Ad-Hoc|iPhone.Build.0 = Release|x64
		{F4251021-533B-416F-94F0-6EE4CD2E7C17}.Ad-Hoc|iPhone.Deploy.0 = Release|x64
		{F4251021-533B-416F-94F0-6EE4CD2E7C17}.Ad-Hoc|iPhoneSimulator.ActiveCfg = Release|x64
		{F4251021-533B-416F-94F0-6EE4CD2E7C17}.Ad-Hoc|iPhoneSimulator.Build.0 = Release|x64
		{F4251021-533B-416F-94F0-6EE4CD2E7C17}.Ad-Hoc|iPhoneSimulator.Deploy.0 = Release|x64
		{F4251021-533B-416F-94F0-6EE4CD2E7C17}.Ad-Hoc|x64.ActiveCfg = Release|x64
		{F4251021-533B-416F-94F0-6EE4CD2E7C17}.Ad-Hoc|x64.Build.0 = Release|x64
		{F4251021-533B-416F-94F0-6EE4CD2E7C17}.Ad-Hoc|x64.Deploy.0 = Release|x64
		{F4251021-533B-416F-94F0-6EE4CD2E7C17}.Ad-Hoc|x86.ActiveCfg = Release|x86
		{F4251021-533B-416F-94F0-6EE4CD2E7C17}.Ad-Hoc|x86.Build.0 = Release|x86
		{F4251021-533B-416F-94F0-6EE4CD2E7C17}.Ad-Hoc|x86.Deploy.0 = Release|x86
		{F4251021-533B-416F-94F0-6EE4CD2E7C17}.AppStore|Any CPU.ActiveCfg = Release|x64
		{F4251021-533B-416F-94F0-6EE4CD2E7C17}.AppStore|Any CPU.Build.0 = Release|x64
		{F4251021-533B-416F-94F0-6EE4CD2E7C17}.AppStore|Any CPU.Deploy.0 = Release|x64
		{F4251021-533B-416F-94F0-6EE4CD2E7C17}.AppStore|ARM.ActiveCfg = Release|ARM
		{F4251021-533B-416F-94F0-6EE4CD2E7C17}.AppStore|ARM.Build.0 = Release|ARM
		{F4251021-533B-416F-94F0-6EE4CD2E7C17}.AppStore|ARM.Deploy.0 = Release|ARM
		{F4251021-533B-416F-94F0-6EE4CD2E7C17}.AppStore|iPhone.ActiveCfg = Release|x64
		{F4251021-533B-416F-94F0-6EE4CD2E7C17}.AppStore|iPhone.Build.0 = Release|x64
		{F4251021-533B-416F-94F0-6EE4CD2E7C17}.AppStore|iPhone.Deploy.0 = Release|x64
		{F4251021-533B-416F-94F0-6EE4CD2E7C17}.AppStore|iPhoneSimulator.ActiveCfg = Release|x64
		{F4251021-533B-416F-94F0-6EE4CD2E7C17}.AppStore|iPhoneSimulator.Build.0 = Release|x64
		{F4251021-533B-416F-94F0-6EE4CD2E7C17}.AppStore|iPhoneSimulator.Deploy.0 = Release|x64
		{F4251021-533B-416F-94F0-6EE4CD2E7C17}.AppStore|x64.ActiveCfg = Release|x64
		{F4251021-533B-416F-94F0-6EE4CD2E7C17}.AppStore|x64.Build.0 = Release|x64
		{F4251021-533B-416F-94F0-6EE4CD2E7C17}.AppStore|x64.Deploy.0 = Release|x64
		{F4251021-533B-416F-94F0-6EE4CD2E7C17}.AppStore|x86.ActiveCfg = Release|x86
		{F4251021-533B-416F-94F0-6EE4CD2E7C17}.AppStore|x86.Build.0 = Release|x86
		{F4251021-533B-416F-94F0-6EE4CD2E7C17}.AppStore|x86.Deploy.0 = Release|x86
		{F4251021-533B-416F-94F0-6EE4CD2E7C17}.Debug|Any CPU.ActiveCfg = Debug|x86
		{F4251021-533B-416F-94F0-6EE4CD2E7C17}.Debug|ARM.ActiveCfg = Debug|ARM
		{F4251021-533B-416F-94F0-6EE4CD2E7C17}.Debug|ARM.Build.0 = Debug|ARM
		{F4251021-533B-416F-94F0-6EE4CD2E7C17}.Debug|ARM.Deploy.0 = Debug|ARM
		{F4251021-533B-416F-94F0-6EE4CD2E7C17}.Debug|iPhone.ActiveCfg = Debug|x86
		{F4251021-533B-416F-94F0-6EE4CD2E7C17}.Debug|iPhoneSimulator.ActiveCfg = Debug|x86
		{F4251021-533B-416F-94F0-6EE4CD2E7C17}.Debug|x64.ActiveCfg = Debug|x64
		{F4251021-533B-416F-94F0-6EE4CD2E7C17}.Debug|x64.Build.0 = Debug|x64
		{F4251021-533B-416F-94F0-6EE4CD2E7C17}.Debug|x64.Deploy.0 = Debug|x64
		{F4251021-533B-416F-94F0-6EE4CD2E7C17}.Debug|x86.ActiveCfg = Debug|x86
		{F4251021-533B-416F-94F0-6EE4CD2E7C17}.Debug|x86.Build.0 = Debug|x86
		{F4251021-533B-416F-94F0-6EE4CD2E7C17}.Debug|x86.Deploy.0 = Debug|x86
		{F4251021-533B-416F-94F0-6EE4CD2E7C17}.Release|Any CPU.ActiveCfg = Release|x86
		{F4251021-533B-416F-94F0-6EE4CD2E7C17}.Release|ARM.ActiveCfg = Release|ARM
		{F4251021-533B-416F-94F0-6EE4CD2E7C17}.Release|ARM.Build.0 = Release|ARM
		{F4251021-533B-416F-94F0-6EE4CD2E7C17}.Release|ARM.Deploy.0 = Release|ARM
		{F4251021-533B-416F-94F0-6EE4CD2E7C17}.Release|iPhone.ActiveCfg = Release|x86
		{F4251021-533B-416F-94F0-6EE4CD2E7C17}.Release|iPhoneSimulator.ActiveCfg = Release|x86
		{F4251021-533B-416F-94F0-6EE4CD2E7C17}.Release|x64.ActiveCfg = Release|x64
		{F4251021-533B-416F-94F0-6EE4CD2E7C17}.Release|x64.Build.0 = Release|x64
		{F4251021-533B-416F-94F0-6EE4CD2E7C17}.Release|x64.Deploy.0 = Release|x64
		{F4251021-533B-416F-94F0-6EE4CD2E7C17}.Release|x86.ActiveCfg = Release|x86
		{F4251021-533B-416F-94F0-6EE4CD2E7C17}.Release|x86.Build.0 = Release|x86
		{F4251021-533B-416F-94F0-6EE4CD2E7C17}.Release|x86.Deploy.0 = Release|x86
		{2888C7FB-F66B-4349-85F3-C5DC037E29AE}.Ad-Hoc|Any CPU.ActiveCfg = Release|Any CPU
		{2888C7FB-F66B-4349-85F3-C5DC037E29AE}.Ad-Hoc|Any CPU.Build.0 = Release|Any CPU
		{2888C7FB-F66B-4349-85F3-C5DC037E29AE}.Ad-Hoc|ARM.ActiveCfg = Release|ARM
		{2888C7FB-F66B-4349-85F3-C5DC037E29AE}.Ad-Hoc|ARM.Build.0 = Release|ARM
		{2888C7FB-F66B-4349-85F3-C5DC037E29AE}.Ad-Hoc|iPhone.ActiveCfg = Release|Any CPU
		{2888C7FB-F66B-4349-85F3-C5DC037E29AE}.Ad-Hoc|iPhone.Build.0 = Release|Any CPU
		{2888C7FB-F66B-4349-85F3-C5DC037E29AE}.Ad-Hoc|iPhoneSimulator.ActiveCfg = Release|Any CPU
		{2888C7FB-F66B-4349-85F3-C5DC037E29AE}.Ad-Hoc|iPhoneSimulator.Build.0 = Release|Any CPU
		{2888C7FB-F66B-4349-85F3-C5DC037E29AE}.Ad-Hoc|x64.ActiveCfg = Release|x64
		{2888C7FB-F66B-4349-85F3-C5DC037E29AE}.Ad-Hoc|x64.Build.0 = Release|x64
		{2888C7FB-F66B-4349-85F3-C5DC037E29AE}.Ad-Hoc|x86.ActiveCfg = Release|x86
		{2888C7FB-F66B-4349-85F3-C5DC037E29AE}.Ad-Hoc|x86.Build.0 = Release|x86
		{2888C7FB-F66B-4349-85F3-C5DC037E29AE}.AppStore|Any CPU.ActiveCfg = Release|Any CPU
		{2888C7FB-F66B-4349-85F3-C5DC037E29AE}.AppStore|Any CPU.Build.0 = Release|Any CPU
		{2888C7FB-F66B-4349-85F3-C5DC037E29AE}.AppStore|ARM.ActiveCfg = Release|ARM
		{2888C7FB-F66B-4349-85F3-C5DC037E29AE}.AppStore|ARM.Build.0 = Release|ARM
		{2888C7FB-F66B-4349-85F3-C5DC037E29AE}.AppStore|iPhone.ActiveCfg = Release|Any CPU
		{2888C7FB-F66B-4349-85F3-C5DC037E29AE}.AppStore|iPhone.Build.0 = Release|Any CPU
		{2888C7FB-F66B-4349-85F3-C5DC037E29AE}.AppStore|iPhoneSimulator.ActiveCfg = Release|Any CPU
		{2888C7FB-F66B-4349-85F3-C5DC037E29AE}.AppStore|iPhoneSimulator.Build.0 = Release|Any CPU
		{2888C7FB-F66B-4349-85F3-C5DC037E29AE}.AppStore|x64.ActiveCfg = Release|x64
		{2888C7FB-F66B-4349-85F3-C5DC037E29AE}.AppStore|x64.Build.0 = Release|x64
		{2888C7FB-F66B-4349-85F3-C5DC037E29AE}.AppStore|x86.ActiveCfg = Release|x86
		{2888C7FB-F66B-4349-85F3-C5DC037E29AE}.AppStore|x86.Build.0 = Release|x86
		{2888C7FB-F66B-4349-85F3-C5DC037E29AE}.Debug|Any CPU.ActiveCfg = Debug|Any CPU
		{2888C7FB-F66B-4349-85F3-C5DC037E29AE}.Debug|Any CPU.Build.0 = Debug|Any CPU
		{2888C7FB-F66B-4349-85F3-C5DC037E29AE}.Debug|ARM.ActiveCfg = Debug|ARM
		{2888C7FB-F66B-4349-85F3-C5DC037E29AE}.Debug|ARM.Build.0 = Debug|ARM
		{2888C7FB-F66B-4349-85F3-C5DC037E29AE}.Debug|iPhone.ActiveCfg = Debug|Any CPU
		{2888C7FB-F66B-4349-85F3-C5DC037E29AE}.Debug|iPhone.Build.0 = Debug|Any CPU
		{2888C7FB-F66B-4349-85F3-C5DC037E29AE}.Debug|iPhoneSimulator.ActiveCfg = Debug|Any CPU
		{2888C7FB-F66B-4349-85F3-C5DC037E29AE}.Debug|iPhoneSimulator.Build.0 = Debug|Any CPU
		{2888C7FB-F66B-4349-85F3-C5DC037E29AE}.Debug|x64.ActiveCfg = Debug|x64
		{2888C7FB-F66B-4349-85F3-C5DC037E29AE}.Debug|x64.Build.0 = Debug|x64
		{2888C7FB-F66B-4349-85F3-C5DC037E29AE}.Debug|x86.ActiveCfg = Debug|x86
		{2888C7FB-F66B-4349-85F3-C5DC037E29AE}.Debug|x86.Build.0 = Debug|x86
		{2888C7FB-F66B-4349-85F3-C5DC037E29AE}.Release|Any CPU.ActiveCfg = Release|Any CPU
		{2888C7FB-F66B-4349-85F3-C5DC037E29AE}.Release|Any CPU.Build.0 = Release|Any CPU
		{2888C7FB-F66B-4349-85F3-C5DC037E29AE}.Release|ARM.ActiveCfg = Release|ARM
		{2888C7FB-F66B-4349-85F3-C5DC037E29AE}.Release|ARM.Build.0 = Release|ARM
		{2888C7FB-F66B-4349-85F3-C5DC037E29AE}.Release|iPhone.ActiveCfg = Release|Any CPU
		{2888C7FB-F66B-4349-85F3-C5DC037E29AE}.Release|iPhone.Build.0 = Release|Any CPU
		{2888C7FB-F66B-4349-85F3-C5DC037E29AE}.Release|iPhoneSimulator.ActiveCfg = Release|Any CPU
		{2888C7FB-F66B-4349-85F3-C5DC037E29AE}.Release|iPhoneSimulator.Build.0 = Release|Any CPU
		{2888C7FB-F66B-4349-85F3-C5DC037E29AE}.Release|x64.ActiveCfg = Release|x64
		{2888C7FB-F66B-4349-85F3-C5DC037E29AE}.Release|x64.Build.0 = Release|x64
		{2888C7FB-F66B-4349-85F3-C5DC037E29AE}.Release|x86.ActiveCfg = Release|x86
		{2888C7FB-F66B-4349-85F3-C5DC037E29AE}.Release|x86.Build.0 = Release|x86
		{DD056638-BD52-4EAE-8B77-CF1A1337A708}.Ad-Hoc|Any CPU.ActiveCfg = Release|Any CPU
		{DD056638-BD52-4EAE-8B77-CF1A1337A708}.Ad-Hoc|Any CPU.Build.0 = Release|Any CPU
		{DD056638-BD52-4EAE-8B77-CF1A1337A708}.Ad-Hoc|ARM.ActiveCfg = Release|ARM
		{DD056638-BD52-4EAE-8B77-CF1A1337A708}.Ad-Hoc|ARM.Build.0 = Release|ARM
		{DD056638-BD52-4EAE-8B77-CF1A1337A708}.Ad-Hoc|iPhone.ActiveCfg = Release|Any CPU
		{DD056638-BD52-4EAE-8B77-CF1A1337A708}.Ad-Hoc|iPhone.Build.0 = Release|Any CPU
		{DD056638-BD52-4EAE-8B77-CF1A1337A708}.Ad-Hoc|iPhoneSimulator.ActiveCfg = Release|Any CPU
		{DD056638-BD52-4EAE-8B77-CF1A1337A708}.Ad-Hoc|iPhoneSimulator.Build.0 = Release|Any CPU
		{DD056638-BD52-4EAE-8B77-CF1A1337A708}.Ad-Hoc|x64.ActiveCfg = Release|x64
		{DD056638-BD52-4EAE-8B77-CF1A1337A708}.Ad-Hoc|x64.Build.0 = Release|x64
		{DD056638-BD52-4EAE-8B77-CF1A1337A708}.Ad-Hoc|x86.ActiveCfg = Release|x86
		{DD056638-BD52-4EAE-8B77-CF1A1337A708}.Ad-Hoc|x86.Build.0 = Release|x86
		{DD056638-BD52-4EAE-8B77-CF1A1337A708}.AppStore|Any CPU.ActiveCfg = Release|Any CPU
		{DD056638-BD52-4EAE-8B77-CF1A1337A708}.AppStore|Any CPU.Build.0 = Release|Any CPU
		{DD056638-BD52-4EAE-8B77-CF1A1337A708}.AppStore|ARM.ActiveCfg = Release|ARM
		{DD056638-BD52-4EAE-8B77-CF1A1337A708}.AppStore|ARM.Build.0 = Release|ARM
		{DD056638-BD52-4EAE-8B77-CF1A1337A708}.AppStore|iPhone.ActiveCfg = Release|Any CPU
		{DD056638-BD52-4EAE-8B77-CF1A1337A708}.AppStore|iPhone.Build.0 = Release|Any CPU
		{DD056638-BD52-4EAE-8B77-CF1A1337A708}.AppStore|iPhoneSimulator.ActiveCfg = Release|Any CPU
		{DD056638-BD52-4EAE-8B77-CF1A1337A708}.AppStore|iPhoneSimulator.Build.0 = Release|Any CPU
		{DD056638-BD52-4EAE-8B77-CF1A1337A708}.AppStore|x64.ActiveCfg = Release|x64
		{DD056638-BD52-4EAE-8B77-CF1A1337A708}.AppStore|x64.Build.0 = Release|x64
		{DD056638-BD52-4EAE-8B77-CF1A1337A708}.AppStore|x86.ActiveCfg = Release|x86
		{DD056638-BD52-4EAE-8B77-CF1A1337A708}.AppStore|x86.Build.0 = Release|x86
		{DD056638-BD52-4EAE-8B77-CF1A1337A708}.Debug|Any CPU.ActiveCfg = Debug|Any CPU
		{DD056638-BD52-4EAE-8B77-CF1A1337A708}.Debug|Any CPU.Build.0 = Debug|Any CPU
		{DD056638-BD52-4EAE-8B77-CF1A1337A708}.Debug|ARM.ActiveCfg = Debug|ARM
		{DD056638-BD52-4EAE-8B77-CF1A1337A708}.Debug|ARM.Build.0 = Debug|ARM
		{DD056638-BD52-4EAE-8B77-CF1A1337A708}.Debug|iPhone.ActiveCfg = Debug|Any CPU
		{DD056638-BD52-4EAE-8B77-CF1A1337A708}.Debug|iPhone.Build.0 = Debug|Any CPU
		{DD056638-BD52-4EAE-8B77-CF1A1337A708}.Debug|iPhoneSimulator.ActiveCfg = Debug|Any CPU
		{DD056638-BD52-4EAE-8B77-CF1A1337A708}.Debug|iPhoneSimulator.Build.0 = Debug|Any CPU
		{DD056638-BD52-4EAE-8B77-CF1A1337A708}.Debug|x64.ActiveCfg = Debug|x64
		{DD056638-BD52-4EAE-8B77-CF1A1337A708}.Debug|x64.Build.0 = Debug|x64
		{DD056638-BD52-4EAE-8B77-CF1A1337A708}.Debug|x86.ActiveCfg = Debug|x86
		{DD056638-BD52-4EAE-8B77-CF1A1337A708}.Debug|x86.Build.0 = Debug|x86
		{DD056638-BD52-4EAE-8B77-CF1A1337A708}.Release|Any CPU.ActiveCfg = Release|Any CPU
		{DD056638-BD52-4EAE-8B77-CF1A1337A708}.Release|Any CPU.Build.0 = Release|Any CPU
		{DD056638-BD52-4EAE-8B77-CF1A1337A708}.Release|ARM.ActiveCfg = Release|ARM
		{DD056638-BD52-4EAE-8B77-CF1A1337A708}.Release|ARM.Build.0 = Release|ARM
		{DD056638-BD52-4EAE-8B77-CF1A1337A708}.Release|iPhone.ActiveCfg = Release|Any CPU
		{DD056638-BD52-4EAE-8B77-CF1A1337A708}.Release|iPhone.Build.0 = Release|Any CPU
		{DD056638-BD52-4EAE-8B77-CF1A1337A708}.Release|iPhoneSimulator.ActiveCfg = Release|Any CPU
		{DD056638-BD52-4EAE-8B77-CF1A1337A708}.Release|iPhoneSimulator.Build.0 = Release|Any CPU
		{DD056638-BD52-4EAE-8B77-CF1A1337A708}.Release|x64.ActiveCfg = Release|x64
		{DD056638-BD52-4EAE-8B77-CF1A1337A708}.Release|x64.Build.0 = Release|x64
		{DD056638-BD52-4EAE-8B77-CF1A1337A708}.Release|x86.ActiveCfg = Release|x86
		{DD056638-BD52-4EAE-8B77-CF1A1337A708}.Release|x86.Build.0 = Release|x86
		{FF83015F-9B34-40D5-B3AB-C9BB92C3DE82}.Ad-Hoc|Any CPU.ActiveCfg = Debug|Any CPU
		{FF83015F-9B34-40D5-B3AB-C9BB92C3DE82}.Ad-Hoc|Any CPU.Build.0 = Debug|Any CPU
		{FF83015F-9B34-40D5-B3AB-C9BB92C3DE82}.Ad-Hoc|ARM.ActiveCfg = Debug|Any CPU
		{FF83015F-9B34-40D5-B3AB-C9BB92C3DE82}.Ad-Hoc|ARM.Build.0 = Debug|Any CPU
		{FF83015F-9B34-40D5-B3AB-C9BB92C3DE82}.Ad-Hoc|iPhone.ActiveCfg = Debug|Any CPU
		{FF83015F-9B34-40D5-B3AB-C9BB92C3DE82}.Ad-Hoc|iPhone.Build.0 = Debug|Any CPU
		{FF83015F-9B34-40D5-B3AB-C9BB92C3DE82}.Ad-Hoc|iPhoneSimulator.ActiveCfg = Debug|Any CPU
		{FF83015F-9B34-40D5-B3AB-C9BB92C3DE82}.Ad-Hoc|iPhoneSimulator.Build.0 = Debug|Any CPU
		{FF83015F-9B34-40D5-B3AB-C9BB92C3DE82}.Ad-Hoc|x64.ActiveCfg = Debug|Any CPU
		{FF83015F-9B34-40D5-B3AB-C9BB92C3DE82}.Ad-Hoc|x64.Build.0 = Debug|Any CPU
		{FF83015F-9B34-40D5-B3AB-C9BB92C3DE82}.Ad-Hoc|x86.ActiveCfg = Debug|Any CPU
		{FF83015F-9B34-40D5-B3AB-C9BB92C3DE82}.Ad-Hoc|x86.Build.0 = Debug|Any CPU
		{FF83015F-9B34-40D5-B3AB-C9BB92C3DE82}.AppStore|Any CPU.ActiveCfg = Debug|Any CPU
		{FF83015F-9B34-40D5-B3AB-C9BB92C3DE82}.AppStore|Any CPU.Build.0 = Debug|Any CPU
		{FF83015F-9B34-40D5-B3AB-C9BB92C3DE82}.AppStore|ARM.ActiveCfg = Debug|Any CPU
		{FF83015F-9B34-40D5-B3AB-C9BB92C3DE82}.AppStore|ARM.Build.0 = Debug|Any CPU
		{FF83015F-9B34-40D5-B3AB-C9BB92C3DE82}.AppStore|iPhone.ActiveCfg = Debug|Any CPU
		{FF83015F-9B34-40D5-B3AB-C9BB92C3DE82}.AppStore|iPhone.Build.0 = Debug|Any CPU
		{FF83015F-9B34-40D5-B3AB-C9BB92C3DE82}.AppStore|iPhoneSimulator.ActiveCfg = Debug|Any CPU
		{FF83015F-9B34-40D5-B3AB-C9BB92C3DE82}.AppStore|iPhoneSimulator.Build.0 = Debug|Any CPU
		{FF83015F-9B34-40D5-B3AB-C9BB92C3DE82}.AppStore|x64.ActiveCfg = Debug|Any CPU
		{FF83015F-9B34-40D5-B3AB-C9BB92C3DE82}.AppStore|x64.Build.0 = Debug|Any CPU
		{FF83015F-9B34-40D5-B3AB-C9BB92C3DE82}.AppStore|x86.ActiveCfg = Debug|Any CPU
		{FF83015F-9B34-40D5-B3AB-C9BB92C3DE82}.AppStore|x86.Build.0 = Debug|Any CPU
		{FF83015F-9B34-40D5-B3AB-C9BB92C3DE82}.Debug|Any CPU.ActiveCfg = Debug|Any CPU
		{FF83015F-9B34-40D5-B3AB-C9BB92C3DE82}.Debug|Any CPU.Build.0 = Debug|Any CPU
		{FF83015F-9B34-40D5-B3AB-C9BB92C3DE82}.Debug|ARM.ActiveCfg = Debug|Any CPU
		{FF83015F-9B34-40D5-B3AB-C9BB92C3DE82}.Debug|ARM.Build.0 = Debug|Any CPU
		{FF83015F-9B34-40D5-B3AB-C9BB92C3DE82}.Debug|iPhone.ActiveCfg = Debug|Any CPU
		{FF83015F-9B34-40D5-B3AB-C9BB92C3DE82}.Debug|iPhone.Build.0 = Debug|Any CPU
		{FF83015F-9B34-40D5-B3AB-C9BB92C3DE82}.Debug|iPhoneSimulator.ActiveCfg = Debug|Any CPU
		{FF83015F-9B34-40D5-B3AB-C9BB92C3DE82}.Debug|iPhoneSimulator.Build.0 = Debug|Any CPU
		{FF83015F-9B34-40D5-B3AB-C9BB92C3DE82}.Debug|x64.ActiveCfg = Debug|Any CPU
		{FF83015F-9B34-40D5-B3AB-C9BB92C3DE82}.Debug|x64.Build.0 = Debug|Any CPU
		{FF83015F-9B34-40D5-B3AB-C9BB92C3DE82}.Debug|x86.ActiveCfg = Debug|Any CPU
		{FF83015F-9B34-40D5-B3AB-C9BB92C3DE82}.Debug|x86.Build.0 = Debug|Any CPU
		{FF83015F-9B34-40D5-B3AB-C9BB92C3DE82}.Release|Any CPU.ActiveCfg = Release|Any CPU
		{FF83015F-9B34-40D5-B3AB-C9BB92C3DE82}.Release|Any CPU.Build.0 = Release|Any CPU
		{FF83015F-9B34-40D5-B3AB-C9BB92C3DE82}.Release|ARM.ActiveCfg = Release|Any CPU
		{FF83015F-9B34-40D5-B3AB-C9BB92C3DE82}.Release|ARM.Build.0 = Release|Any CPU
		{FF83015F-9B34-40D5-B3AB-C9BB92C3DE82}.Release|iPhone.ActiveCfg = Release|Any CPU
		{FF83015F-9B34-40D5-B3AB-C9BB92C3DE82}.Release|iPhone.Build.0 = Release|Any CPU
		{FF83015F-9B34-40D5-B3AB-C9BB92C3DE82}.Release|iPhoneSimulator.ActiveCfg = Release|Any CPU
		{FF83015F-9B34-40D5-B3AB-C9BB92C3DE82}.Release|iPhoneSimulator.Build.0 = Release|Any CPU
		{FF83015F-9B34-40D5-B3AB-C9BB92C3DE82}.Release|x64.ActiveCfg = Release|Any CPU
		{FF83015F-9B34-40D5-B3AB-C9BB92C3DE82}.Release|x64.Build.0 = Release|Any CPU
		{FF83015F-9B34-40D5-B3AB-C9BB92C3DE82}.Release|x86.ActiveCfg = Release|Any CPU
		{FF83015F-9B34-40D5-B3AB-C9BB92C3DE82}.Release|x86.Build.0 = Release|Any CPU
		{567ACEAD-CE93-42F5-9D8C-B06C65E56D7A}.Ad-Hoc|Any CPU.ActiveCfg = Debug|Any CPU
		{567ACEAD-CE93-42F5-9D8C-B06C65E56D7A}.Ad-Hoc|Any CPU.Build.0 = Debug|Any CPU
		{567ACEAD-CE93-42F5-9D8C-B06C65E56D7A}.Ad-Hoc|ARM.ActiveCfg = Debug|Any CPU
		{567ACEAD-CE93-42F5-9D8C-B06C65E56D7A}.Ad-Hoc|ARM.Build.0 = Debug|Any CPU
		{567ACEAD-CE93-42F5-9D8C-B06C65E56D7A}.Ad-Hoc|iPhone.ActiveCfg = Debug|Any CPU
		{567ACEAD-CE93-42F5-9D8C-B06C65E56D7A}.Ad-Hoc|iPhone.Build.0 = Debug|Any CPU
		{567ACEAD-CE93-42F5-9D8C-B06C65E56D7A}.Ad-Hoc|iPhoneSimulator.ActiveCfg = Debug|Any CPU
		{567ACEAD-CE93-42F5-9D8C-B06C65E56D7A}.Ad-Hoc|iPhoneSimulator.Build.0 = Debug|Any CPU
		{567ACEAD-CE93-42F5-9D8C-B06C65E56D7A}.Ad-Hoc|x64.ActiveCfg = Debug|Any CPU
		{567ACEAD-CE93-42F5-9D8C-B06C65E56D7A}.Ad-Hoc|x64.Build.0 = Debug|Any CPU
		{567ACEAD-CE93-42F5-9D8C-B06C65E56D7A}.Ad-Hoc|x86.ActiveCfg = Debug|Any CPU
		{567ACEAD-CE93-42F5-9D8C-B06C65E56D7A}.Ad-Hoc|x86.Build.0 = Debug|Any CPU
		{567ACEAD-CE93-42F5-9D8C-B06C65E56D7A}.AppStore|Any CPU.ActiveCfg = Debug|Any CPU
		{567ACEAD-CE93-42F5-9D8C-B06C65E56D7A}.AppStore|Any CPU.Build.0 = Debug|Any CPU
		{567ACEAD-CE93-42F5-9D8C-B06C65E56D7A}.AppStore|ARM.ActiveCfg = Debug|Any CPU
		{567ACEAD-CE93-42F5-9D8C-B06C65E56D7A}.AppStore|ARM.Build.0 = Debug|Any CPU
		{567ACEAD-CE93-42F5-9D8C-B06C65E56D7A}.AppStore|iPhone.ActiveCfg = Debug|Any CPU
		{567ACEAD-CE93-42F5-9D8C-B06C65E56D7A}.AppStore|iPhone.Build.0 = Debug|Any CPU
		{567ACEAD-CE93-42F5-9D8C-B06C65E56D7A}.AppStore|iPhoneSimulator.ActiveCfg = Debug|Any CPU
		{567ACEAD-CE93-42F5-9D8C-B06C65E56D7A}.AppStore|iPhoneSimulator.Build.0 = Debug|Any CPU
		{567ACEAD-CE93-42F5-9D8C-B06C65E56D7A}.AppStore|x64.ActiveCfg = Debug|Any CPU
		{567ACEAD-CE93-42F5-9D8C-B06C65E56D7A}.AppStore|x64.Build.0 = Debug|Any CPU
		{567ACEAD-CE93-42F5-9D8C-B06C65E56D7A}.AppStore|x86.ActiveCfg = Debug|Any CPU
		{567ACEAD-CE93-42F5-9D8C-B06C65E56D7A}.AppStore|x86.Build.0 = Debug|Any CPU
		{567ACEAD-CE93-42F5-9D8C-B06C65E56D7A}.Debug|Any CPU.ActiveCfg = Debug|Any CPU
		{567ACEAD-CE93-42F5-9D8C-B06C65E56D7A}.Debug|Any CPU.Build.0 = Debug|Any CPU
		{567ACEAD-CE93-42F5-9D8C-B06C65E56D7A}.Debug|ARM.ActiveCfg = Debug|Any CPU
		{567ACEAD-CE93-42F5-9D8C-B06C65E56D7A}.Debug|ARM.Build.0 = Debug|Any CPU
		{567ACEAD-CE93-42F5-9D8C-B06C65E56D7A}.Debug|iPhone.ActiveCfg = Debug|Any CPU
		{567ACEAD-CE93-42F5-9D8C-B06C65E56D7A}.Debug|iPhone.Build.0 = Debug|Any CPU
		{567ACEAD-CE93-42F5-9D8C-B06C65E56D7A}.Debug|iPhoneSimulator.ActiveCfg = Debug|Any CPU
		{567ACEAD-CE93-42F5-9D8C-B06C65E56D7A}.Debug|iPhoneSimulator.Build.0 = Debug|Any CPU
		{567ACEAD-CE93-42F5-9D8C-B06C65E56D7A}.Debug|x64.ActiveCfg = Debug|Any CPU
		{567ACEAD-CE93-42F5-9D8C-B06C65E56D7A}.Debug|x64.Build.0 = Debug|Any CPU
		{567ACEAD-CE93-42F5-9D8C-B06C65E56D7A}.Debug|x86.ActiveCfg = Debug|Any CPU
		{567ACEAD-CE93-42F5-9D8C-B06C65E56D7A}.Debug|x86.Build.0 = Debug|Any CPU
		{567ACEAD-CE93-42F5-9D8C-B06C65E56D7A}.Release|Any CPU.ActiveCfg = Release|Any CPU
		{567ACEAD-CE93-42F5-9D8C-B06C65E56D7A}.Release|Any CPU.Build.0 = Release|Any CPU
		{567ACEAD-CE93-42F5-9D8C-B06C65E56D7A}.Release|ARM.ActiveCfg = Release|Any CPU
		{567ACEAD-CE93-42F5-9D8C-B06C65E56D7A}.Release|ARM.Build.0 = Release|Any CPU
		{567ACEAD-CE93-42F5-9D8C-B06C65E56D7A}.Release|iPhone.ActiveCfg = Release|Any CPU
		{567ACEAD-CE93-42F5-9D8C-B06C65E56D7A}.Release|iPhone.Build.0 = Release|Any CPU
		{567ACEAD-CE93-42F5-9D8C-B06C65E56D7A}.Release|iPhoneSimulator.ActiveCfg = Release|Any CPU
		{567ACEAD-CE93-42F5-9D8C-B06C65E56D7A}.Release|iPhoneSimulator.Build.0 = Release|Any CPU
		{567ACEAD-CE93-42F5-9D8C-B06C65E56D7A}.Release|x64.ActiveCfg = Release|Any CPU
		{567ACEAD-CE93-42F5-9D8C-B06C65E56D7A}.Release|x64.Build.0 = Release|Any CPU
		{567ACEAD-CE93-42F5-9D8C-B06C65E56D7A}.Release|x86.ActiveCfg = Release|Any CPU
		{567ACEAD-CE93-42F5-9D8C-B06C65E56D7A}.Release|x86.Build.0 = Release|Any CPU
		{3FE06884-C7F5-4D2A-BAA6-EE6DDB89BAE8}.Ad-Hoc|Any CPU.ActiveCfg = Debug|Any CPU
		{3FE06884-C7F5-4D2A-BAA6-EE6DDB89BAE8}.Ad-Hoc|Any CPU.Build.0 = Debug|Any CPU
		{3FE06884-C7F5-4D2A-BAA6-EE6DDB89BAE8}.Ad-Hoc|ARM.ActiveCfg = Debug|Any CPU
		{3FE06884-C7F5-4D2A-BAA6-EE6DDB89BAE8}.Ad-Hoc|ARM.Build.0 = Debug|Any CPU
		{3FE06884-C7F5-4D2A-BAA6-EE6DDB89BAE8}.Ad-Hoc|iPhone.ActiveCfg = Debug|Any CPU
		{3FE06884-C7F5-4D2A-BAA6-EE6DDB89BAE8}.Ad-Hoc|iPhone.Build.0 = Debug|Any CPU
		{3FE06884-C7F5-4D2A-BAA6-EE6DDB89BAE8}.Ad-Hoc|iPhoneSimulator.ActiveCfg = Debug|Any CPU
		{3FE06884-C7F5-4D2A-BAA6-EE6DDB89BAE8}.Ad-Hoc|iPhoneSimulator.Build.0 = Debug|Any CPU
		{3FE06884-C7F5-4D2A-BAA6-EE6DDB89BAE8}.Ad-Hoc|x64.ActiveCfg = Debug|Any CPU
		{3FE06884-C7F5-4D2A-BAA6-EE6DDB89BAE8}.Ad-Hoc|x64.Build.0 = Debug|Any CPU
		{3FE06884-C7F5-4D2A-BAA6-EE6DDB89BAE8}.Ad-Hoc|x86.ActiveCfg = Debug|Any CPU
		{3FE06884-C7F5-4D2A-BAA6-EE6DDB89BAE8}.Ad-Hoc|x86.Build.0 = Debug|Any CPU
		{3FE06884-C7F5-4D2A-BAA6-EE6DDB89BAE8}.AppStore|Any CPU.ActiveCfg = Debug|Any CPU
		{3FE06884-C7F5-4D2A-BAA6-EE6DDB89BAE8}.AppStore|Any CPU.Build.0 = Debug|Any CPU
		{3FE06884-C7F5-4D2A-BAA6-EE6DDB89BAE8}.AppStore|ARM.ActiveCfg = Debug|Any CPU
		{3FE06884-C7F5-4D2A-BAA6-EE6DDB89BAE8}.AppStore|ARM.Build.0 = Debug|Any CPU
		{3FE06884-C7F5-4D2A-BAA6-EE6DDB89BAE8}.AppStore|iPhone.ActiveCfg = Debug|Any CPU
		{3FE06884-C7F5-4D2A-BAA6-EE6DDB89BAE8}.AppStore|iPhone.Build.0 = Debug|Any CPU
		{3FE06884-C7F5-4D2A-BAA6-EE6DDB89BAE8}.AppStore|iPhoneSimulator.ActiveCfg = Debug|Any CPU
		{3FE06884-C7F5-4D2A-BAA6-EE6DDB89BAE8}.AppStore|iPhoneSimulator.Build.0 = Debug|Any CPU
		{3FE06884-C7F5-4D2A-BAA6-EE6DDB89BAE8}.AppStore|x64.ActiveCfg = Debug|Any CPU
		{3FE06884-C7F5-4D2A-BAA6-EE6DDB89BAE8}.AppStore|x64.Build.0 = Debug|Any CPU
		{3FE06884-C7F5-4D2A-BAA6-EE6DDB89BAE8}.AppStore|x86.ActiveCfg = Debug|Any CPU
		{3FE06884-C7F5-4D2A-BAA6-EE6DDB89BAE8}.AppStore|x86.Build.0 = Debug|Any CPU
		{3FE06884-C7F5-4D2A-BAA6-EE6DDB89BAE8}.Debug|Any CPU.ActiveCfg = Debug|Any CPU
		{3FE06884-C7F5-4D2A-BAA6-EE6DDB89BAE8}.Debug|Any CPU.Build.0 = Debug|Any CPU
		{3FE06884-C7F5-4D2A-BAA6-EE6DDB89BAE8}.Debug|ARM.ActiveCfg = Debug|Any CPU
		{3FE06884-C7F5-4D2A-BAA6-EE6DDB89BAE8}.Debug|ARM.Build.0 = Debug|Any CPU
		{3FE06884-C7F5-4D2A-BAA6-EE6DDB89BAE8}.Debug|iPhone.ActiveCfg = Debug|Any CPU
		{3FE06884-C7F5-4D2A-BAA6-EE6DDB89BAE8}.Debug|iPhone.Build.0 = Debug|Any CPU
		{3FE06884-C7F5-4D2A-BAA6-EE6DDB89BAE8}.Debug|iPhoneSimulator.ActiveCfg = Debug|Any CPU
		{3FE06884-C7F5-4D2A-BAA6-EE6DDB89BAE8}.Debug|iPhoneSimulator.Build.0 = Debug|Any CPU
		{3FE06884-C7F5-4D2A-BAA6-EE6DDB89BAE8}.Debug|x64.ActiveCfg = Debug|Any CPU
		{3FE06884-C7F5-4D2A-BAA6-EE6DDB89BAE8}.Debug|x64.Build.0 = Debug|Any CPU
		{3FE06884-C7F5-4D2A-BAA6-EE6DDB89BAE8}.Debug|x86.ActiveCfg = Debug|Any CPU
		{3FE06884-C7F5-4D2A-BAA6-EE6DDB89BAE8}.Debug|x86.Build.0 = Debug|Any CPU
		{3FE06884-C7F5-4D2A-BAA6-EE6DDB89BAE8}.Release|Any CPU.ActiveCfg = Release|Any CPU
		{3FE06884-C7F5-4D2A-BAA6-EE6DDB89BAE8}.Release|Any CPU.Build.0 = Release|Any CPU
		{3FE06884-C7F5-4D2A-BAA6-EE6DDB89BAE8}.Release|ARM.ActiveCfg = Release|Any CPU
		{3FE06884-C7F5-4D2A-BAA6-EE6DDB89BAE8}.Release|ARM.Build.0 = Release|Any CPU
		{3FE06884-C7F5-4D2A-BAA6-EE6DDB89BAE8}.Release|iPhone.ActiveCfg = Release|Any CPU
		{3FE06884-C7F5-4D2A-BAA6-EE6DDB89BAE8}.Release|iPhone.Build.0 = Release|Any CPU
		{3FE06884-C7F5-4D2A-BAA6-EE6DDB89BAE8}.Release|iPhoneSimulator.ActiveCfg = Release|Any CPU
		{3FE06884-C7F5-4D2A-BAA6-EE6DDB89BAE8}.Release|iPhoneSimulator.Build.0 = Release|Any CPU
		{3FE06884-C7F5-4D2A-BAA6-EE6DDB89BAE8}.Release|x64.ActiveCfg = Release|Any CPU
		{3FE06884-C7F5-4D2A-BAA6-EE6DDB89BAE8}.Release|x64.Build.0 = Release|Any CPU
		{3FE06884-C7F5-4D2A-BAA6-EE6DDB89BAE8}.Release|x86.ActiveCfg = Release|Any CPU
		{3FE06884-C7F5-4D2A-BAA6-EE6DDB89BAE8}.Release|x86.Build.0 = Release|Any CPU
	EndGlobalSection
	GlobalSection(SolutionProperties) = preSolution
		HideSolutionNode = FALSE
	EndGlobalSection
	GlobalSection(NestedProjects) = preSolution
		{594B896D-767E-4DC4-9385-8E3E9050A3FC} = {D78885B6-2D2F-4613-A402-561FE255B322}
		{3934305B-7D96-4766-B94C-3BD7E56CCDB4} = {D78885B6-2D2F-4613-A402-561FE255B322}
		{0A385998-14F0-4489-8E00-E356036199E4} = {594B896D-767E-4DC4-9385-8E3E9050A3FC}
		{94895D24-BE5C-480C-B38F-1EAB09943C54} = {D78885B6-2D2F-4613-A402-561FE255B322}
		{890694F6-CD94-4911-BF5E-6F34A62F1941} = {94895D24-BE5C-480C-B38F-1EAB09943C54}
		{55562F70-2675-4F9B-BE02-787536B9154F} = {3934305B-7D96-4766-B94C-3BD7E56CCDB4}
		{134B687E-290B-401A-BB2B-673524FF74E6} = {3934305B-7D96-4766-B94C-3BD7E56CCDB4}
		{3D6AF9C1-51B6-4062-A0E0-507E53F42317} = {3934305B-7D96-4766-B94C-3BD7E56CCDB4}
		{EFCCBD8A-CFDB-4A8C-AEC1-70F5747459B6} = {3934305B-7D96-4766-B94C-3BD7E56CCDB4}
		{FB9DDC21-9385-4B68-B961-7A7645C1AF41} = {3934305B-7D96-4766-B94C-3BD7E56CCDB4}
		{24F7B07C-74A3-4F6D-B34A-F154693210D5} = {3934305B-7D96-4766-B94C-3BD7E56CCDB4}
		{C913CE06-1A3D-4118-BA8D-2535E4F3A1C4} = {3934305B-7D96-4766-B94C-3BD7E56CCDB4}
		{1C6F1BBD-5B9B-48FC-ACB5-9859A6734C6F} = {55562F70-2675-4F9B-BE02-787536B9154F}
		{74D004C4-775F-402C-BFE8-B5BDEDC6077F} = {3D6AF9C1-51B6-4062-A0E0-507E53F42317}
		{175629A4-F877-4E3D-AD35-C952D540ECE2} = {FB9DDC21-9385-4B68-B961-7A7645C1AF41}
		{350442F1-4D1E-4DEC-BE80-5B195E649E09} = {FB9DDC21-9385-4B68-B961-7A7645C1AF41}
		{DB0FFDD6-2885-4F90-8AAF-BFACA438D848} = {FB9DDC21-9385-4B68-B961-7A7645C1AF41}
		{3486BBC3-05D0-47AC-AD96-CD313B3D3F7E} = {FB9DDC21-9385-4B68-B961-7A7645C1AF41}
		{0A7211C4-5F6C-4598-8485-88BE87DCCA3C} = {FB9DDC21-9385-4B68-B961-7A7645C1AF41}
		{AD0ED9A0-AF1B-4E94-BC66-12D4F8660C42} = {24F7B07C-74A3-4F6D-B34A-F154693210D5}
		{3EB4472F-49B1-47A3-9821-081B9AAFDA58} = {C913CE06-1A3D-4118-BA8D-2535E4F3A1C4}
		{AD8C12C9-DEE4-4382-9076-CF59F313177C} = {C913CE06-1A3D-4118-BA8D-2535E4F3A1C4}
		{B4A73AB3-62C8-4ADD-9F1D-8CC3A38BC8E8} = {CB99D577-B55C-47FD-BC06-82CC94FAC919}
		{06F67291-57C6-44B2-9985-B5D36E462D23} = {CB99D577-B55C-47FD-BC06-82CC94FAC919}
		{F4251021-533B-416F-94F0-6EE4CD2E7C17} = {CB99D577-B55C-47FD-BC06-82CC94FAC919}
		{2888C7FB-F66B-4349-85F3-C5DC037E29AE} = {FB9DDC21-9385-4B68-B961-7A7645C1AF41}
		{DD056638-BD52-4EAE-8B77-CF1A1337A708} = {24F7B07C-74A3-4F6D-B34A-F154693210D5}
		{FF83015F-9B34-40D5-B3AB-C9BB92C3DE82} = {7581AD28-B425-4EC9-8239-5848DE7DBEB9}
		{567ACEAD-CE93-42F5-9D8C-B06C65E56D7A} = {7581AD28-B425-4EC9-8239-5848DE7DBEB9}
		{3FE06884-C7F5-4D2A-BAA6-EE6DDB89BAE8} = {7581AD28-B425-4EC9-8239-5848DE7DBEB9}
	EndGlobalSection
	GlobalSection(ExtensibilityGlobals) = postSolution
		SolutionGuid = {83C9AA19-D5B4-4F6F-9285-76160D3796DA}
	EndGlobalSection
EndGlobal
